{
  "name": "PasswordPusher",
  "lockfileVersion": 2,
  "requires": true,
  "packages": {
    "": {
      "name": "PasswordPusher",
      "dependencies": {
        "@hotwired/stimulus": "^3.2.1",
        "@hotwired/turbo-rails": "^7.2.5",
        "@rails/actioncable": "^7.0.4",
        "@rails/activestorage": "^7.0.4-2",
        "bootstrap": "^5.2.3",
        "clipboard": "^2.0.11",
        "esbuild": "^0.17.7",
        "js-cookie": "^3.0.1",
        "omgopass": "^3.2.1",
        "spoiler-alert": "^0.1.0"
      }
    },
    "node_modules/@esbuild/android-arm": {
      "version": "0.17.7",
      "resolved": "https://registry.npmjs.org/@esbuild/android-arm/-/android-arm-0.17.7.tgz",
      "integrity": "sha512-Np6Lg8VUiuzHP5XvHU7zfSVPN4ILdiOhxA1GQ1uvCK2T2l3nI8igQV0c9FJx4hTkq8WGqhGEvn5UuRH8jMkExg==",
      "cpu": [
        "arm"
      ],
      "optional": true,
      "os": [
        "android"
      ],
      "engines": {
        "node": ">=12"
      }
    },
    "node_modules/@esbuild/android-arm64": {
      "version": "0.17.7",
      "resolved": "https://registry.npmjs.org/@esbuild/android-arm64/-/android-arm64-0.17.7.tgz",
      "integrity": "sha512-fOUBZvcbtbQJIj2K/LMKcjULGfXLV9R4qjXFsi3UuqFhIRJHz0Fp6kFjsMFI6vLuPrfC5G9Dmh+3RZOrSKY2Lg==",
      "cpu": [
        "arm64"
      ],
      "optional": true,
      "os": [
        "android"
      ],
      "engines": {
        "node": ">=12"
      }
    },
    "node_modules/@esbuild/android-x64": {
      "version": "0.17.7",
      "resolved": "https://registry.npmjs.org/@esbuild/android-x64/-/android-x64-0.17.7.tgz",
      "integrity": "sha512-6YILpPvop1rPAvaO/n2iWQL45RyTVTR/1SK7P6Xi2fyu+hpEeX22fE2U2oJd1sfpovUJOWTRdugjddX6QCup3A==",
      "cpu": [
        "x64"
      ],
      "optional": true,
      "os": [
        "android"
      ],
      "engines": {
        "node": ">=12"
      }
    },
    "node_modules/@esbuild/darwin-arm64": {
      "version": "0.17.7",
      "resolved": "https://registry.npmjs.org/@esbuild/darwin-arm64/-/darwin-arm64-0.17.7.tgz",
      "integrity": "sha512-7i0gfFsDt1BBiurZz5oZIpzfxqy5QkJmhXdtrf2Hma/gI9vL2AqxHhRBoI1NeWc9IhN1qOzWZrslhiXZweMSFg==",
      "cpu": [
        "arm64"
      ],
      "optional": true,
      "os": [
        "darwin"
      ],
      "engines": {
        "node": ">=12"
      }
    },
    "node_modules/@esbuild/darwin-x64": {
      "version": "0.17.7",
      "resolved": "https://registry.npmjs.org/@esbuild/darwin-x64/-/darwin-x64-0.17.7.tgz",
      "integrity": "sha512-hRvIu3vuVIcv4SJXEKOHVsNssM5tLE2xWdb9ZyJqsgYp+onRa5El3VJ4+WjTbkf/A2FD5wuMIbO2FCTV39LE0w==",
      "cpu": [
        "x64"
      ],
      "optional": true,
      "os": [
        "darwin"
      ],
      "engines": {
        "node": ">=12"
      }
    },
    "node_modules/@esbuild/freebsd-arm64": {
      "version": "0.17.7",
      "resolved": "https://registry.npmjs.org/@esbuild/freebsd-arm64/-/freebsd-arm64-0.17.7.tgz",
      "integrity": "sha512-2NJjeQ9kiabJkVXLM3sHkySqkL1KY8BeyLams3ITyiLW10IwDL0msU5Lq1cULCn9zNxt1Seh1I6QrqyHUvOtQw==",
      "cpu": [
        "arm64"
      ],
      "optional": true,
      "os": [
        "freebsd"
      ],
      "engines": {
        "node": ">=12"
      }
    },
    "node_modules/@esbuild/freebsd-x64": {
      "version": "0.17.7",
      "resolved": "https://registry.npmjs.org/@esbuild/freebsd-x64/-/freebsd-x64-0.17.7.tgz",
      "integrity": "sha512-8kSxlbjuLYMoIgvRxPybirHJeW45dflyIgHVs+jzMYJf87QOay1ZUTzKjNL3vqHQjmkSn8p6KDfHVrztn7Rprw==",
      "cpu": [
        "x64"
      ],
      "optional": true,
      "os": [
        "freebsd"
      ],
      "engines": {
        "node": ">=12"
      }
    },
    "node_modules/@esbuild/linux-arm": {
      "version": "0.17.7",
      "resolved": "https://registry.npmjs.org/@esbuild/linux-arm/-/linux-arm-0.17.7.tgz",
      "integrity": "sha512-07RsAAzznWqdfJC+h3L2UVWwnUHepsFw5GmzySnUspHHb7glJ1+47rvlcH0SeUtoVOs8hF4/THgZbtJRyALaJA==",
      "cpu": [
        "arm"
      ],
      "optional": true,
      "os": [
        "linux"
      ],
      "engines": {
        "node": ">=12"
      }
    },
    "node_modules/@esbuild/linux-arm64": {
      "version": "0.17.7",
      "resolved": "https://registry.npmjs.org/@esbuild/linux-arm64/-/linux-arm64-0.17.7.tgz",
      "integrity": "sha512-43Bbhq3Ia/mGFTCRA4NlY8VRH3dLQltJ4cqzhSfq+cdvdm9nKJXVh4NUkJvdZgEZIkf/ufeMmJ0/22v9btXTcw==",
      "cpu": [
        "arm64"
      ],
      "optional": true,
      "os": [
        "linux"
      ],
      "engines": {
        "node": ">=12"
      }
    },
    "node_modules/@esbuild/linux-ia32": {
      "version": "0.17.7",
      "resolved": "https://registry.npmjs.org/@esbuild/linux-ia32/-/linux-ia32-0.17.7.tgz",
      "integrity": "sha512-ViYkfcfnbwOoTS7xE4DvYFv7QOlW8kPBuccc4erJ0jx2mXDPR7e0lYOH9JelotS9qe8uJ0s2i3UjUvjunEp53A==",
      "cpu": [
        "ia32"
      ],
      "optional": true,
      "os": [
        "linux"
      ],
      "engines": {
        "node": ">=12"
      }
    },
    "node_modules/@esbuild/linux-loong64": {
      "version": "0.17.7",
      "resolved": "https://registry.npmjs.org/@esbuild/linux-loong64/-/linux-loong64-0.17.7.tgz",
      "integrity": "sha512-H1g+AwwcqYQ/Hl/sMcopRcNLY/fysIb/ksDfCa3/kOaHQNhBrLeDYw+88VAFV5U6oJL9GqnmUj72m9Nv3th3hA==",
      "cpu": [
        "loong64"
      ],
      "optional": true,
      "os": [
        "linux"
      ],
      "engines": {
        "node": ">=12"
      }
    },
    "node_modules/@esbuild/linux-mips64el": {
      "version": "0.17.7",
      "resolved": "https://registry.npmjs.org/@esbuild/linux-mips64el/-/linux-mips64el-0.17.7.tgz",
      "integrity": "sha512-MDLGrVbTGYtmldlbcxfeDPdhxttUmWoX3ovk9u6jc8iM+ueBAFlaXKuUMCoyP/zfOJb+KElB61eSdBPSvNcCEg==",
      "cpu": [
        "mips64el"
      ],
      "optional": true,
      "os": [
        "linux"
      ],
      "engines": {
        "node": ">=12"
      }
    },
    "node_modules/@esbuild/linux-ppc64": {
      "version": "0.17.7",
      "resolved": "https://registry.npmjs.org/@esbuild/linux-ppc64/-/linux-ppc64-0.17.7.tgz",
      "integrity": "sha512-UWtLhRPKzI+v2bKk4j9rBpGyXbLAXLCOeqt1tLVAt1mfagHpFjUzzIHCpPiUfY3x1xY5e45/+BWzGpqqvSglNw==",
      "cpu": [
        "ppc64"
      ],
      "optional": true,
      "os": [
        "linux"
      ],
      "engines": {
        "node": ">=12"
      }
    },
    "node_modules/@esbuild/linux-riscv64": {
      "version": "0.17.7",
      "resolved": "https://registry.npmjs.org/@esbuild/linux-riscv64/-/linux-riscv64-0.17.7.tgz",
      "integrity": "sha512-3C/RTKqZauUwBYtIQAv7ELTJd+H2dNKPyzwE2ZTbz2RNrNhNHRoeKnG5C++eM6nSZWUCLyyaWfq1v1YRwBS/+A==",
      "cpu": [
        "riscv64"
      ],
      "optional": true,
      "os": [
        "linux"
      ],
      "engines": {
        "node": ">=12"
      }
    },
    "node_modules/@esbuild/linux-s390x": {
      "version": "0.17.7",
      "resolved": "https://registry.npmjs.org/@esbuild/linux-s390x/-/linux-s390x-0.17.7.tgz",
      "integrity": "sha512-x7cuRSCm998KFZqGEtSo8rI5hXLxWji4znZkBhg2FPF8A8lxLLCsSXe2P5utf0RBQflb3K97dkEH/BJwTqrbDw==",
      "cpu": [
        "s390x"
      ],
      "optional": true,
      "os": [
        "linux"
      ],
      "engines": {
        "node": ">=12"
      }
    },
    "node_modules/@esbuild/linux-x64": {
      "version": "0.17.7",
      "resolved": "https://registry.npmjs.org/@esbuild/linux-x64/-/linux-x64-0.17.7.tgz",
      "integrity": "sha512-1Z2BtWgM0Wc92WWiZR5kZ5eC+IetI++X+nf9NMbUvVymt74fnQqwgM5btlTW7P5uCHfq03u5MWHjIZa4o+TnXQ==",
      "cpu": [
        "x64"
      ],
      "optional": true,
      "os": [
        "linux"
      ],
      "engines": {
        "node": ">=12"
      }
    },
    "node_modules/@esbuild/netbsd-x64": {
      "version": "0.17.7",
      "resolved": "https://registry.npmjs.org/@esbuild/netbsd-x64/-/netbsd-x64-0.17.7.tgz",
      "integrity": "sha512-//VShPN4hgbmkDjYNCZermIhj8ORqoPNmAnwSPqPtBB0xOpHrXMlJhsqLNsgoBm0zi/5tmy//WyL6g81Uq2c6Q==",
      "cpu": [
        "x64"
      ],
      "optional": true,
      "os": [
        "netbsd"
      ],
      "engines": {
        "node": ">=12"
      }
    },
    "node_modules/@esbuild/openbsd-x64": {
      "version": "0.17.7",
      "resolved": "https://registry.npmjs.org/@esbuild/openbsd-x64/-/openbsd-x64-0.17.7.tgz",
      "integrity": "sha512-IQ8BliXHiOsbQEOHzc7mVLIw2UYPpbOXJQ9cK1nClNYQjZthvfiA6rWZMz4BZpVzHZJ+/H2H23cZwRJ1NPYOGg==",
      "cpu": [
        "x64"
      ],
      "optional": true,
      "os": [
        "openbsd"
      ],
      "engines": {
        "node": ">=12"
      }
    },
    "node_modules/@esbuild/sunos-x64": {
      "version": "0.17.7",
      "resolved": "https://registry.npmjs.org/@esbuild/sunos-x64/-/sunos-x64-0.17.7.tgz",
      "integrity": "sha512-phO5HvU3SyURmcW6dfQXX4UEkFREUwaoiTgi1xH+CAFKPGsrcG6oDp1U70yQf5lxRKujoSCEIoBr0uFykJzN2g==",
      "cpu": [
        "x64"
      ],
      "optional": true,
      "os": [
        "sunos"
      ],
      "engines": {
        "node": ">=12"
      }
    },
    "node_modules/@esbuild/win32-arm64": {
      "version": "0.17.7",
      "resolved": "https://registry.npmjs.org/@esbuild/win32-arm64/-/win32-arm64-0.17.7.tgz",
      "integrity": "sha512-G/cRKlYrwp1B0uvzEdnFPJ3A6zSWjnsRrWivsEW0IEHZk+czv0Bmiwa51RncruHLjQ4fGsvlYPmCmwzmutPzHA==",
      "cpu": [
        "arm64"
      ],
      "optional": true,
      "os": [
        "win32"
      ],
      "engines": {
        "node": ">=12"
      }
    },
    "node_modules/@esbuild/win32-ia32": {
      "version": "0.17.7",
      "resolved": "https://registry.npmjs.org/@esbuild/win32-ia32/-/win32-ia32-0.17.7.tgz",
      "integrity": "sha512-/yMNVlMew07NrOflJdRAZcMdUoYTOCPbCHx0eHtg55l87wXeuhvYOPBQy5HLX31Ku+W2XsBD5HnjUjEUsTXJug==",
      "cpu": [
        "ia32"
      ],
      "optional": true,
      "os": [
        "win32"
      ],
      "engines": {
        "node": ">=12"
      }
    },
    "node_modules/@esbuild/win32-x64": {
      "version": "0.17.7",
      "resolved": "https://registry.npmjs.org/@esbuild/win32-x64/-/win32-x64-0.17.7.tgz",
      "integrity": "sha512-K9/YybM6WZO71x73Iyab6mwieHtHjm9hrPR/a9FBPZmFO3w+fJaM2uu2rt3JYf/rZR24MFwTliI8VSoKKOtYtg==",
      "cpu": [
        "x64"
      ],
      "optional": true,
      "os": [
        "win32"
      ],
      "engines": {
        "node": ">=12"
      }
    },
    "node_modules/@hotwired/stimulus": {
      "version": "3.2.1",
      "resolved": "https://registry.npmjs.org/@hotwired/stimulus/-/stimulus-3.2.1.tgz",
      "integrity": "sha512-HGlzDcf9vv/EQrMJ5ZG6VWNs8Z/xMN+1o2OhV1gKiSG6CqZt5MCBB1gRg5ILiN3U0jEAxuDTNPRfBcnZBDmupQ=="
    },
    "node_modules/@hotwired/turbo": {
      "version": "7.2.5",
      "resolved": "https://registry.npmjs.org/@hotwired/turbo/-/turbo-7.2.5.tgz",
      "integrity": "sha512-o5PByC/mWkmTe4pWnKrixhPECJUxIT/NHtxKqjq7n9Fj6JlNza1pgxdTCJVIq+PI0j95U+7mA3N4n4A/QYZtZQ==",
      "engines": {
        "node": ">= 14"
      }
    },
    "node_modules/@hotwired/turbo-rails": {
      "version": "7.2.5",
      "resolved": "https://registry.npmjs.org/@hotwired/turbo-rails/-/turbo-rails-7.2.5.tgz",
      "integrity": "sha512-F8ztmARxd/XBdevRa//HoJGZ7u+Unb0J7cQUeUP+pBvt9Ta2TJJ7a2TORAOhjC8Zgxx+LKwm/1UUHqN3ojjiGw==",
      "dependencies": {
        "@hotwired/turbo": "^7.2.5",
        "@rails/actioncable": "^7.0"
      }
    },
    "node_modules/@popperjs/core": {
      "version": "2.11.6",
      "resolved": "https://registry.npmjs.org/@popperjs/core/-/core-2.11.6.tgz",
      "integrity": "sha512-50/17A98tWUfQ176raKiOGXuYpLyyVMkxxG6oylzL3BPOlA6ADGdK7EYunSa4I064xerltq9TGXs8HmOk5E+vw==",
      "peer": true,
      "funding": {
        "type": "opencollective",
        "url": "https://opencollective.com/popperjs"
      }
    },
    "node_modules/@rails/actioncable": {
      "version": "7.0.4",
      "resolved": "https://registry.npmjs.org/@rails/actioncable/-/actioncable-7.0.4.tgz",
      "integrity": "sha512-tz4oM+Zn9CYsvtyicsa/AwzKZKL+ITHWkhiu7x+xF77clh2b4Rm+s6xnOgY/sGDWoFWZmtKsE95hxBPkgQQNnQ=="
    },
    "node_modules/@rails/activestorage": {
      "version": "7.0.4-2",
      "resolved": "https://registry.npmjs.org/@rails/activestorage/-/activestorage-7.0.4-2.tgz",
      "integrity": "sha512-TVNuL13CmXlUb41+fgRzTmOp9Xf3LQtw1A3ntrOtQvDPipy4NOkZ9Emyr2m9Gq/5gPfWon6x8GWXBsMQw8a5mg==",
      "dependencies": {
        "spark-md5": "^3.0.1"
      }
    },
    "node_modules/bootstrap": {
      "version": "5.2.3",
      "resolved": "https://registry.npmjs.org/bootstrap/-/bootstrap-5.2.3.tgz",
      "integrity": "sha512-cEKPM+fwb3cT8NzQZYEu4HilJ3anCrWqh3CHAok1p9jXqMPsPTBhU25fBckEJHJ/p+tTxTFTsFQGM+gaHpi3QQ==",
      "funding": [
        {
          "type": "github",
          "url": "https://github.com/sponsors/twbs"
        },
        {
          "type": "opencollective",
          "url": "https://opencollective.com/bootstrap"
        }
      ],
      "peerDependencies": {
        "@popperjs/core": "^2.11.6"
      }
    },
    "node_modules/clipboard": {
      "version": "2.0.11",
      "resolved": "https://registry.npmjs.org/clipboard/-/clipboard-2.0.11.tgz",
      "integrity": "sha512-C+0bbOqkezLIsmWSvlsXS0Q0bmkugu7jcfMIACB+RDEntIzQIkdr148we28AfSloQLRdZlYL/QYyrq05j/3Faw==",
      "dependencies": {
        "good-listener": "^1.2.2",
        "select": "^1.1.2",
        "tiny-emitter": "^2.0.0"
      }
    },
    "node_modules/delegate": {
      "version": "3.2.0",
      "resolved": "https://registry.npmjs.org/delegate/-/delegate-3.2.0.tgz",
      "integrity": "sha512-IofjkYBZaZivn0V8nnsMJGBr4jVLxHDheKSW88PyxS5QC4Vo9ZbZVvhzlSxY87fVq3STR6r+4cGepyHkcWOQSw=="
    },
    "node_modules/esbuild": {
      "version": "0.17.7",
      "resolved": "https://registry.npmjs.org/esbuild/-/esbuild-0.17.7.tgz",
      "integrity": "sha512-+5hHlrK108fT6C6/40juy0w4DYKtyZ5NjfBlTccBdsFutR7WBxpIY633JzZJewdsCy8xWA/u2z0MSniIJwufYg==",
      "hasInstallScript": true,
      "bin": {
        "esbuild": "bin/esbuild"
      },
      "engines": {
        "node": ">=12"
      },
      "optionalDependencies": {
        "@esbuild/android-arm": "0.17.7",
        "@esbuild/android-arm64": "0.17.7",
        "@esbuild/android-x64": "0.17.7",
        "@esbuild/darwin-arm64": "0.17.7",
        "@esbuild/darwin-x64": "0.17.7",
        "@esbuild/freebsd-arm64": "0.17.7",
        "@esbuild/freebsd-x64": "0.17.7",
        "@esbuild/linux-arm": "0.17.7",
        "@esbuild/linux-arm64": "0.17.7",
        "@esbuild/linux-ia32": "0.17.7",
        "@esbuild/linux-loong64": "0.17.7",
        "@esbuild/linux-mips64el": "0.17.7",
        "@esbuild/linux-ppc64": "0.17.7",
        "@esbuild/linux-riscv64": "0.17.7",
        "@esbuild/linux-s390x": "0.17.7",
        "@esbuild/linux-x64": "0.17.7",
        "@esbuild/netbsd-x64": "0.17.7",
        "@esbuild/openbsd-x64": "0.17.7",
        "@esbuild/sunos-x64": "0.17.7",
        "@esbuild/win32-arm64": "0.17.7",
        "@esbuild/win32-ia32": "0.17.7",
        "@esbuild/win32-x64": "0.17.7"
      }
    },
    "node_modules/good-listener": {
      "version": "1.2.2",
      "resolved": "https://registry.npmjs.org/good-listener/-/good-listener-1.2.2.tgz",
      "integrity": "sha512-goW1b+d9q/HIwbVYZzZ6SsTr4IgE+WA44A0GmPIQstuOrgsFcT7VEJ48nmr9GaRtNu0XTKacFLGnBPAM6Afouw==",
      "dependencies": {
        "delegate": "^3.1.2"
      }
    },
    "node_modules/js-cookie": {
      "version": "3.0.1",
      "resolved": "https://registry.npmjs.org/js-cookie/-/js-cookie-3.0.1.tgz",
      "integrity": "sha512-+0rgsUXZu4ncpPxRL+lNEptWMOWl9etvPHc/koSRp6MPwpRYAhmk0dUG00J4bxVV3r9uUzfo24wW0knS07SKSw==",
      "engines": {
        "node": ">=12"
      }
    },
    "node_modules/omgopass": {
      "version": "3.2.1",
      "resolved": "https://registry.npmjs.org/omgopass/-/omgopass-3.2.1.tgz",
      "integrity": "sha512-Q0QqwwL3ag1Pyjhx6vfieaz73pHNLa3v59qhRcTCUINmJOwdcLu0kNKncBSF2ylnzrqmZw9VRgOEdAwvCSxffA=="
    },
    "node_modules/select": {
      "version": "1.1.2",
      "resolved": "https://registry.npmjs.org/select/-/select-1.1.2.tgz",
      "integrity": "sha512-OwpTSOfy6xSs1+pwcNrv0RBMOzI39Lp3qQKUTPVVPRjCdNa5JH/oPRiqsesIskK8TVgmRiHwO4KXlV2Li9dANA=="
    },
    "node_modules/spark-md5": {
      "version": "3.0.2",
      "resolved": "https://registry.npmjs.org/spark-md5/-/spark-md5-3.0.2.tgz",
      "integrity": "sha512-wcFzz9cDfbuqe0FZzfi2or1sgyIrsDwmPwfZC4hiNidPdPINjeUwNfv5kldczoEAcjl9Y1L3SM7Uz2PUEQzxQw=="
    },
    "node_modules/spoiler-alert": {
      "version": "0.1.0",
      "resolved": "https://registry.npmjs.org/spoiler-alert/-/spoiler-alert-0.1.0.tgz",
      "integrity": "sha512-6O8BeGMgDmJnEn7prua9tx3kslsokzNZGCAKWxdx7vPVfLSUZFiFKLTfgYUWmJhovNXvqF2rpz+cqTgmKOYAMA=="
    },
    "node_modules/tiny-emitter": {
      "version": "2.1.0",
      "resolved": "https://registry.npmjs.org/tiny-emitter/-/tiny-emitter-2.1.0.tgz",
      "integrity": "sha512-NB6Dk1A9xgQPMoGqC5CVXn123gWyte215ONT5Pp5a0yt4nlEoO1ZWeCwpncaekPHXO60i47ihFnZPiRPjRMq4Q=="
    }
  },
  "dependencies": {
    "@esbuild/android-arm": {
      "version": "0.17.7",
      "resolved": "https://registry.npmjs.org/@esbuild/android-arm/-/android-arm-0.17.7.tgz",
      "integrity": "sha512-Np6Lg8VUiuzHP5XvHU7zfSVPN4ILdiOhxA1GQ1uvCK2T2l3nI8igQV0c9FJx4hTkq8WGqhGEvn5UuRH8jMkExg==",
      "optional": true
    },
    "@esbuild/android-arm64": {
      "version": "0.17.7",
      "resolved": "https://registry.npmjs.org/@esbuild/android-arm64/-/android-arm64-0.17.7.tgz",
      "integrity": "sha512-fOUBZvcbtbQJIj2K/LMKcjULGfXLV9R4qjXFsi3UuqFhIRJHz0Fp6kFjsMFI6vLuPrfC5G9Dmh+3RZOrSKY2Lg==",
      "optional": true
    },
    "@esbuild/android-x64": {
      "version": "0.17.7",
      "resolved": "https://registry.npmjs.org/@esbuild/android-x64/-/android-x64-0.17.7.tgz",
      "integrity": "sha512-6YILpPvop1rPAvaO/n2iWQL45RyTVTR/1SK7P6Xi2fyu+hpEeX22fE2U2oJd1sfpovUJOWTRdugjddX6QCup3A==",
      "optional": true
    },
    "@esbuild/darwin-arm64": {
      "version": "0.17.7",
      "resolved": "https://registry.npmjs.org/@esbuild/darwin-arm64/-/darwin-arm64-0.17.7.tgz",
      "integrity": "sha512-7i0gfFsDt1BBiurZz5oZIpzfxqy5QkJmhXdtrf2Hma/gI9vL2AqxHhRBoI1NeWc9IhN1qOzWZrslhiXZweMSFg==",
      "optional": true
    },
    "@esbuild/darwin-x64": {
      "version": "0.17.7",
      "resolved": "https://registry.npmjs.org/@esbuild/darwin-x64/-/darwin-x64-0.17.7.tgz",
      "integrity": "sha512-hRvIu3vuVIcv4SJXEKOHVsNssM5tLE2xWdb9ZyJqsgYp+onRa5El3VJ4+WjTbkf/A2FD5wuMIbO2FCTV39LE0w==",
      "optional": true
    },
    "@esbuild/freebsd-arm64": {
      "version": "0.17.7",
      "resolved": "https://registry.npmjs.org/@esbuild/freebsd-arm64/-/freebsd-arm64-0.17.7.tgz",
      "integrity": "sha512-2NJjeQ9kiabJkVXLM3sHkySqkL1KY8BeyLams3ITyiLW10IwDL0msU5Lq1cULCn9zNxt1Seh1I6QrqyHUvOtQw==",
      "optional": true
    },
    "@esbuild/freebsd-x64": {
      "version": "0.17.7",
      "resolved": "https://registry.npmjs.org/@esbuild/freebsd-x64/-/freebsd-x64-0.17.7.tgz",
      "integrity": "sha512-8kSxlbjuLYMoIgvRxPybirHJeW45dflyIgHVs+jzMYJf87QOay1ZUTzKjNL3vqHQjmkSn8p6KDfHVrztn7Rprw==",
      "optional": true
    },
    "@esbuild/linux-arm": {
      "version": "0.17.7",
      "resolved": "https://registry.npmjs.org/@esbuild/linux-arm/-/linux-arm-0.17.7.tgz",
      "integrity": "sha512-07RsAAzznWqdfJC+h3L2UVWwnUHepsFw5GmzySnUspHHb7glJ1+47rvlcH0SeUtoVOs8hF4/THgZbtJRyALaJA==",
      "optional": true
    },
    "@esbuild/linux-arm64": {
      "version": "0.17.7",
      "resolved": "https://registry.npmjs.org/@esbuild/linux-arm64/-/linux-arm64-0.17.7.tgz",
      "integrity": "sha512-43Bbhq3Ia/mGFTCRA4NlY8VRH3dLQltJ4cqzhSfq+cdvdm9nKJXVh4NUkJvdZgEZIkf/ufeMmJ0/22v9btXTcw==",
      "optional": true
    },
    "@esbuild/linux-ia32": {
      "version": "0.17.7",
      "resolved": "https://registry.npmjs.org/@esbuild/linux-ia32/-/linux-ia32-0.17.7.tgz",
      "integrity": "sha512-ViYkfcfnbwOoTS7xE4DvYFv7QOlW8kPBuccc4erJ0jx2mXDPR7e0lYOH9JelotS9qe8uJ0s2i3UjUvjunEp53A==",
      "optional": true
    },
    "@esbuild/linux-loong64": {
      "version": "0.17.7",
      "resolved": "https://registry.npmjs.org/@esbuild/linux-loong64/-/linux-loong64-0.17.7.tgz",
      "integrity": "sha512-H1g+AwwcqYQ/Hl/sMcopRcNLY/fysIb/ksDfCa3/kOaHQNhBrLeDYw+88VAFV5U6oJL9GqnmUj72m9Nv3th3hA==",
      "optional": true
    },
    "@esbuild/linux-mips64el": {
      "version": "0.17.7",
      "resolved": "https://registry.npmjs.org/@esbuild/linux-mips64el/-/linux-mips64el-0.17.7.tgz",
      "integrity": "sha512-MDLGrVbTGYtmldlbcxfeDPdhxttUmWoX3ovk9u6jc8iM+ueBAFlaXKuUMCoyP/zfOJb+KElB61eSdBPSvNcCEg==",
      "optional": true
    },
    "@esbuild/linux-ppc64": {
      "version": "0.17.7",
      "resolved": "https://registry.npmjs.org/@esbuild/linux-ppc64/-/linux-ppc64-0.17.7.tgz",
      "integrity": "sha512-UWtLhRPKzI+v2bKk4j9rBpGyXbLAXLCOeqt1tLVAt1mfagHpFjUzzIHCpPiUfY3x1xY5e45/+BWzGpqqvSglNw==",
      "optional": true
    },
    "@esbuild/linux-riscv64": {
      "version": "0.17.7",
      "resolved": "https://registry.npmjs.org/@esbuild/linux-riscv64/-/linux-riscv64-0.17.7.tgz",
      "integrity": "sha512-3C/RTKqZauUwBYtIQAv7ELTJd+H2dNKPyzwE2ZTbz2RNrNhNHRoeKnG5C++eM6nSZWUCLyyaWfq1v1YRwBS/+A==",
      "optional": true
    },
    "@esbuild/linux-s390x": {
      "version": "0.17.7",
      "resolved": "https://registry.npmjs.org/@esbuild/linux-s390x/-/linux-s390x-0.17.7.tgz",
      "integrity": "sha512-x7cuRSCm998KFZqGEtSo8rI5hXLxWji4znZkBhg2FPF8A8lxLLCsSXe2P5utf0RBQflb3K97dkEH/BJwTqrbDw==",
      "optional": true
    },
    "@esbuild/linux-x64": {
      "version": "0.17.7",
      "resolved": "https://registry.npmjs.org/@esbuild/linux-x64/-/linux-x64-0.17.7.tgz",
      "integrity": "sha512-1Z2BtWgM0Wc92WWiZR5kZ5eC+IetI++X+nf9NMbUvVymt74fnQqwgM5btlTW7P5uCHfq03u5MWHjIZa4o+TnXQ==",
      "optional": true
    },
    "@esbuild/netbsd-x64": {
      "version": "0.17.7",
      "resolved": "https://registry.npmjs.org/@esbuild/netbsd-x64/-/netbsd-x64-0.17.7.tgz",
      "integrity": "sha512-//VShPN4hgbmkDjYNCZermIhj8ORqoPNmAnwSPqPtBB0xOpHrXMlJhsqLNsgoBm0zi/5tmy//WyL6g81Uq2c6Q==",
      "optional": true
    },
    "@esbuild/openbsd-x64": {
      "version": "0.17.7",
      "resolved": "https://registry.npmjs.org/@esbuild/openbsd-x64/-/openbsd-x64-0.17.7.tgz",
      "integrity": "sha512-IQ8BliXHiOsbQEOHzc7mVLIw2UYPpbOXJQ9cK1nClNYQjZthvfiA6rWZMz4BZpVzHZJ+/H2H23cZwRJ1NPYOGg==",
      "optional": true
    },
    "@esbuild/sunos-x64": {
      "version": "0.17.7",
      "resolved": "https://registry.npmjs.org/@esbuild/sunos-x64/-/sunos-x64-0.17.7.tgz",
      "integrity": "sha512-phO5HvU3SyURmcW6dfQXX4UEkFREUwaoiTgi1xH+CAFKPGsrcG6oDp1U70yQf5lxRKujoSCEIoBr0uFykJzN2g==",
      "optional": true
    },
    "@esbuild/win32-arm64": {
      "version": "0.17.7",
      "resolved": "https://registry.npmjs.org/@esbuild/win32-arm64/-/win32-arm64-0.17.7.tgz",
      "integrity": "sha512-G/cRKlYrwp1B0uvzEdnFPJ3A6zSWjnsRrWivsEW0IEHZk+czv0Bmiwa51RncruHLjQ4fGsvlYPmCmwzmutPzHA==",
      "optional": true
    },
    "@esbuild/win32-ia32": {
      "version": "0.17.7",
      "resolved": "https://registry.npmjs.org/@esbuild/win32-ia32/-/win32-ia32-0.17.7.tgz",
      "integrity": "sha512-/yMNVlMew07NrOflJdRAZcMdUoYTOCPbCHx0eHtg55l87wXeuhvYOPBQy5HLX31Ku+W2XsBD5HnjUjEUsTXJug==",
      "optional": true
    },
    "@esbuild/win32-x64": {
      "version": "0.17.7",
      "resolved": "https://registry.npmjs.org/@esbuild/win32-x64/-/win32-x64-0.17.7.tgz",
      "integrity": "sha512-K9/YybM6WZO71x73Iyab6mwieHtHjm9hrPR/a9FBPZmFO3w+fJaM2uu2rt3JYf/rZR24MFwTliI8VSoKKOtYtg==",
      "optional": true
    },
    "@hotwired/stimulus": {
      "version": "3.2.1",
      "resolved": "https://registry.npmjs.org/@hotwired/stimulus/-/stimulus-3.2.1.tgz",
      "integrity": "sha512-HGlzDcf9vv/EQrMJ5ZG6VWNs8Z/xMN+1o2OhV1gKiSG6CqZt5MCBB1gRg5ILiN3U0jEAxuDTNPRfBcnZBDmupQ=="
    },
    "@hotwired/turbo": {
      "version": "7.2.5",
      "resolved": "https://registry.npmjs.org/@hotwired/turbo/-/turbo-7.2.5.tgz",
      "integrity": "sha512-o5PByC/mWkmTe4pWnKrixhPECJUxIT/NHtxKqjq7n9Fj6JlNza1pgxdTCJVIq+PI0j95U+7mA3N4n4A/QYZtZQ=="
    },
    "@hotwired/turbo-rails": {
      "version": "7.2.5",
      "resolved": "https://registry.npmjs.org/@hotwired/turbo-rails/-/turbo-rails-7.2.5.tgz",
      "integrity": "sha512-F8ztmARxd/XBdevRa//HoJGZ7u+Unb0J7cQUeUP+pBvt9Ta2TJJ7a2TORAOhjC8Zgxx+LKwm/1UUHqN3ojjiGw==",
      "requires": {
        "@hotwired/turbo": "^7.2.5",
        "@rails/actioncable": "^7.0"
      }
    },
    "@popperjs/core": {
      "version": "2.11.6",
      "resolved": "https://registry.npmjs.org/@popperjs/core/-/core-2.11.6.tgz",
      "integrity": "sha512-50/17A98tWUfQ176raKiOGXuYpLyyVMkxxG6oylzL3BPOlA6ADGdK7EYunSa4I064xerltq9TGXs8HmOk5E+vw==",
      "peer": true
    },
    "@rails/actioncable": {
      "version": "7.0.4",
      "resolved": "https://registry.npmjs.org/@rails/actioncable/-/actioncable-7.0.4.tgz",
      "integrity": "sha512-tz4oM+Zn9CYsvtyicsa/AwzKZKL+ITHWkhiu7x+xF77clh2b4Rm+s6xnOgY/sGDWoFWZmtKsE95hxBPkgQQNnQ=="
    },
    "@rails/activestorage": {
      "version": "7.0.4-2",
      "resolved": "https://registry.npmjs.org/@rails/activestorage/-/activestorage-7.0.4-2.tgz",
      "integrity": "sha512-TVNuL13CmXlUb41+fgRzTmOp9Xf3LQtw1A3ntrOtQvDPipy4NOkZ9Emyr2m9Gq/5gPfWon6x8GWXBsMQw8a5mg==",
      "requires": {
        "spark-md5": "^3.0.1"
      }
    },
    "bootstrap": {
      "version": "5.2.3",
      "resolved": "https://registry.npmjs.org/bootstrap/-/bootstrap-5.2.3.tgz",
      "integrity": "sha512-cEKPM+fwb3cT8NzQZYEu4HilJ3anCrWqh3CHAok1p9jXqMPsPTBhU25fBckEJHJ/p+tTxTFTsFQGM+gaHpi3QQ==",
      "requires": {}
    },
    "clipboard": {
      "version": "2.0.11",
      "resolved": "https://registry.npmjs.org/clipboard/-/clipboard-2.0.11.tgz",
      "integrity": "sha512-C+0bbOqkezLIsmWSvlsXS0Q0bmkugu7jcfMIACB+RDEntIzQIkdr148we28AfSloQLRdZlYL/QYyrq05j/3Faw==",
      "requires": {
        "good-listener": "^1.2.2",
        "select": "^1.1.2",
        "tiny-emitter": "^2.0.0"
      }
    },
    "delegate": {
      "version": "3.2.0",
      "resolved": "https://registry.npmjs.org/delegate/-/delegate-3.2.0.tgz",
      "integrity": "sha512-IofjkYBZaZivn0V8nnsMJGBr4jVLxHDheKSW88PyxS5QC4Vo9ZbZVvhzlSxY87fVq3STR6r+4cGepyHkcWOQSw=="
    },
    "esbuild": {
      "version": "0.17.7",
      "resolved": "https://registry.npmjs.org/esbuild/-/esbuild-0.17.7.tgz",
      "integrity": "sha512-+5hHlrK108fT6C6/40juy0w4DYKtyZ5NjfBlTccBdsFutR7WBxpIY633JzZJewdsCy8xWA/u2z0MSniIJwufYg==",
      "requires": {
        "@esbuild/android-arm": "0.17.7",
        "@esbuild/android-arm64": "0.17.7",
        "@esbuild/android-x64": "0.17.7",
        "@esbuild/darwin-arm64": "0.17.7",
        "@esbuild/darwin-x64": "0.17.7",
        "@esbuild/freebsd-arm64": "0.17.7",
        "@esbuild/freebsd-x64": "0.17.7",
        "@esbuild/linux-arm": "0.17.7",
        "@esbuild/linux-arm64": "0.17.7",
        "@esbuild/linux-ia32": "0.17.7",
        "@esbuild/linux-loong64": "0.17.7",
        "@esbuild/linux-mips64el": "0.17.7",
        "@esbuild/linux-ppc64": "0.17.7",
        "@esbuild/linux-riscv64": "0.17.7",
        "@esbuild/linux-s390x": "0.17.7",
        "@esbuild/linux-x64": "0.17.7",
        "@esbuild/netbsd-x64": "0.17.7",
        "@esbuild/openbsd-x64": "0.17.7",
        "@esbuild/sunos-x64": "0.17.7",
        "@esbuild/win32-arm64": "0.17.7",
        "@esbuild/win32-ia32": "0.17.7",
        "@esbuild/win32-x64": "0.17.7"
      }
    },
    "good-listener": {
      "version": "1.2.2",
      "resolved": "https://registry.npmjs.org/good-listener/-/good-listener-1.2.2.tgz",
      "integrity": "sha512-goW1b+d9q/HIwbVYZzZ6SsTr4IgE+WA44A0GmPIQstuOrgsFcT7VEJ48nmr9GaRtNu0XTKacFLGnBPAM6Afouw==",
      "requires": {
        "delegate": "^3.1.2"
      }
    },
    "js-cookie": {
      "version": "3.0.1",
      "resolved": "https://registry.npmjs.org/js-cookie/-/js-cookie-3.0.1.tgz",
      "integrity": "sha512-+0rgsUXZu4ncpPxRL+lNEptWMOWl9etvPHc/koSRp6MPwpRYAhmk0dUG00J4bxVV3r9uUzfo24wW0knS07SKSw=="
    },
    "omgopass": {
      "version": "3.2.1",
      "resolved": "https://registry.npmjs.org/omgopass/-/omgopass-3.2.1.tgz",
      "integrity": "sha512-Q0QqwwL3ag1Pyjhx6vfieaz73pHNLa3v59qhRcTCUINmJOwdcLu0kNKncBSF2ylnzrqmZw9VRgOEdAwvCSxffA=="
    },
    "select": {
      "version": "1.1.2",
      "resolved": "https://registry.npmjs.org/select/-/select-1.1.2.tgz",
      "integrity": "sha512-OwpTSOfy6xSs1+pwcNrv0RBMOzI39Lp3qQKUTPVVPRjCdNa5JH/oPRiqsesIskK8TVgmRiHwO4KXlV2Li9dANA=="
    },
    "spark-md5": {
      "version": "3.0.2",
      "resolved": "https://registry.npmjs.org/spark-md5/-/spark-md5-3.0.2.tgz",
      "integrity": "sha512-wcFzz9cDfbuqe0FZzfi2or1sgyIrsDwmPwfZC4hiNidPdPINjeUwNfv5kldczoEAcjl9Y1L3SM7Uz2PUEQzxQw=="
    },
    "spoiler-alert": {
      "version": "0.1.0",
      "resolved": "https://registry.npmjs.org/spoiler-alert/-/spoiler-alert-0.1.0.tgz",
      "integrity": "sha512-6O8BeGMgDmJnEn7prua9tx3kslsokzNZGCAKWxdx7vPVfLSUZFiFKLTfgYUWmJhovNXvqF2rpz+cqTgmKOYAMA=="
    },
    "tiny-emitter": {
      "version": "2.1.0",
      "resolved": "https://registry.npmjs.org/tiny-emitter/-/tiny-emitter-2.1.0.tgz",
      "integrity": "sha512-NB6Dk1A9xgQPMoGqC5CVXn123gWyte215ONT5Pp5a0yt4nlEoO1ZWeCwpncaekPHXO60i47ihFnZPiRPjRMq4Q=="
    }
  }
}
