# THIS IS AN AUTOGENERATED FILE. DO NOT EDIT THIS FILE DIRECTLY.
# yarn lockfile v1


"@esbuild/aix-ppc64@0.24.0":
  version "0.24.0"
  resolved "https://registry.yarnpkg.com/@esbuild/aix-ppc64/-/aix-ppc64-0.24.0.tgz#b57697945b50e99007b4c2521507dc613d4a648c"
  integrity sha512-WtKdFM7ls47zkKHFVzMz8opM7LkcsIp9amDUBIAWirg70RM71WRSjdILPsY5Uv1D42ZpUfaPILDlfactHgsRkw==

"@esbuild/android-arm64@0.24.0":
  version "0.24.0"
  resolved "https://registry.yarnpkg.com/@esbuild/android-arm64/-/android-arm64-0.24.0.tgz#1add7e0af67acefd556e407f8497e81fddad79c0"
  integrity sha512-Vsm497xFM7tTIPYK9bNTYJyF/lsP590Qc1WxJdlB6ljCbdZKU9SY8i7+Iin4kyhV/KV5J2rOKsBQbB77Ab7L/w==

"@esbuild/android-arm@0.24.0":
  version "0.24.0"
  resolved "https://registry.yarnpkg.com/@esbuild/android-arm/-/android-arm-0.24.0.tgz#ab7263045fa8e090833a8e3c393b60d59a789810"
  integrity sha512-arAtTPo76fJ/ICkXWetLCc9EwEHKaeya4vMrReVlEIUCAUncH7M4bhMQ+M9Vf+FFOZJdTNMXNBrWwW+OXWpSew==

"@esbuild/android-x64@0.24.0":
  version "0.24.0"
  resolved "https://registry.yarnpkg.com/@esbuild/android-x64/-/android-x64-0.24.0.tgz#e8f8b196cfdfdd5aeaebbdb0110983460440e705"
  integrity sha512-t8GrvnFkiIY7pa7mMgJd7p8p8qqYIz1NYiAoKc75Zyv73L3DZW++oYMSHPRarcotTKuSs6m3hTOa5CKHaS02TQ==

"@esbuild/darwin-arm64@0.24.0":
  version "0.24.0"
  resolved "https://registry.npmjs.org/@esbuild/darwin-arm64/-/darwin-arm64-0.24.0.tgz"
  integrity sha512-CKyDpRbK1hXwv79soeTJNHb5EiG6ct3efd/FTPdzOWdbZZfGhpbcqIpiD0+vwmpu0wTIL97ZRPZu8vUt46nBSw==

"@esbuild/darwin-x64@0.24.0":
  version "0.24.0"
  resolved "https://registry.yarnpkg.com/@esbuild/darwin-x64/-/darwin-x64-0.24.0.tgz#33087aab31a1eb64c89daf3d2cf8ce1775656107"
  integrity sha512-rgtz6flkVkh58od4PwTRqxbKH9cOjaXCMZgWD905JOzjFKW+7EiUObfd/Kav+A6Gyud6WZk9w+xu6QLytdi2OA==

"@esbuild/freebsd-arm64@0.24.0":
  version "0.24.0"
  resolved "https://registry.yarnpkg.com/@esbuild/freebsd-arm64/-/freebsd-arm64-0.24.0.tgz#bb76e5ea9e97fa3c753472f19421075d3a33e8a7"
  integrity sha512-6Mtdq5nHggwfDNLAHkPlyLBpE5L6hwsuXZX8XNmHno9JuL2+bg2BX5tRkwjyfn6sKbxZTq68suOjgWqCicvPXA==

"@esbuild/freebsd-x64@0.24.0":
  version "0.24.0"
  resolved "https://registry.yarnpkg.com/@esbuild/freebsd-x64/-/freebsd-x64-0.24.0.tgz#e0e2ce9249fdf6ee29e5dc3d420c7007fa579b93"
  integrity sha512-D3H+xh3/zphoX8ck4S2RxKR6gHlHDXXzOf6f/9dbFt/NRBDIE33+cVa49Kil4WUjxMGW0ZIYBYtaGCa2+OsQwQ==

"@esbuild/linux-arm64@0.24.0":
  version "0.24.0"
  resolved "https://registry.yarnpkg.com/@esbuild/linux-arm64/-/linux-arm64-0.24.0.tgz#d1b2aa58085f73ecf45533c07c82d81235388e75"
  integrity sha512-TDijPXTOeE3eaMkRYpcy3LarIg13dS9wWHRdwYRnzlwlA370rNdZqbcp0WTyyV/k2zSxfko52+C7jU5F9Tfj1g==

"@esbuild/linux-arm@0.24.0":
  version "0.24.0"
  resolved "https://registry.yarnpkg.com/@esbuild/linux-arm/-/linux-arm-0.24.0.tgz#8e4915df8ea3e12b690a057e77a47b1d5935ef6d"
  integrity sha512-gJKIi2IjRo5G6Glxb8d3DzYXlxdEj2NlkixPsqePSZMhLudqPhtZ4BUrpIuTjJYXxvF9njql+vRjB2oaC9XpBw==

"@esbuild/linux-ia32@0.24.0":
  version "0.24.0"
  resolved "https://registry.yarnpkg.com/@esbuild/linux-ia32/-/linux-ia32-0.24.0.tgz#8200b1110666c39ab316572324b7af63d82013fb"
  integrity sha512-K40ip1LAcA0byL05TbCQ4yJ4swvnbzHscRmUilrmP9Am7//0UjPreh4lpYzvThT2Quw66MhjG//20mrufm40mA==

"@esbuild/linux-loong64@0.24.0":
  version "0.24.0"
  resolved "https://registry.yarnpkg.com/@esbuild/linux-loong64/-/linux-loong64-0.24.0.tgz#6ff0c99cf647504df321d0640f0d32e557da745c"
  integrity sha512-0mswrYP/9ai+CU0BzBfPMZ8RVm3RGAN/lmOMgW4aFUSOQBjA31UP8Mr6DDhWSuMwj7jaWOT0p0WoZ6jeHhrD7g==

"@esbuild/linux-mips64el@0.24.0":
  version "0.24.0"
  resolved "https://registry.yarnpkg.com/@esbuild/linux-mips64el/-/linux-mips64el-0.24.0.tgz#3f720ccd4d59bfeb4c2ce276a46b77ad380fa1f3"
  integrity sha512-hIKvXm0/3w/5+RDtCJeXqMZGkI2s4oMUGj3/jM0QzhgIASWrGO5/RlzAzm5nNh/awHE0A19h/CvHQe6FaBNrRA==

"@esbuild/linux-ppc64@0.24.0":
  version "0.24.0"
  resolved "https://registry.yarnpkg.com/@esbuild/linux-ppc64/-/linux-ppc64-0.24.0.tgz#9d6b188b15c25afd2e213474bf5f31e42e3aa09e"
  integrity sha512-HcZh5BNq0aC52UoocJxaKORfFODWXZxtBaaZNuN3PUX3MoDsChsZqopzi5UupRhPHSEHotoiptqikjN/B77mYQ==

"@esbuild/linux-riscv64@0.24.0":
  version "0.24.0"
  resolved "https://registry.yarnpkg.com/@esbuild/linux-riscv64/-/linux-riscv64-0.24.0.tgz#f989fdc9752dfda286c9cd87c46248e4dfecbc25"
  integrity sha512-bEh7dMn/h3QxeR2KTy1DUszQjUrIHPZKyO6aN1X4BCnhfYhuQqedHaa5MxSQA/06j3GpiIlFGSsy1c7Gf9padw==

"@esbuild/linux-s390x@0.24.0":
  version "0.24.0"
  resolved "https://registry.yarnpkg.com/@esbuild/linux-s390x/-/linux-s390x-0.24.0.tgz#29ebf87e4132ea659c1489fce63cd8509d1c7319"
  integrity sha512-ZcQ6+qRkw1UcZGPyrCiHHkmBaj9SiCD8Oqd556HldP+QlpUIe2Wgn3ehQGVoPOvZvtHm8HPx+bH20c9pvbkX3g==

"@esbuild/linux-x64@0.24.0":
  version "0.24.0"
  resolved "https://registry.yarnpkg.com/@esbuild/linux-x64/-/linux-x64-0.24.0.tgz#4af48c5c0479569b1f359ffbce22d15f261c0cef"
  integrity sha512-vbutsFqQ+foy3wSSbmjBXXIJ6PL3scghJoM8zCL142cGaZKAdCZHyf+Bpu/MmX9zT9Q0zFBVKb36Ma5Fzfa8xA==

"@esbuild/netbsd-x64@0.24.0":
  version "0.24.0"
  resolved "https://registry.yarnpkg.com/@esbuild/netbsd-x64/-/netbsd-x64-0.24.0.tgz#1ae73d23cc044a0ebd4f198334416fb26c31366c"
  integrity sha512-hjQ0R/ulkO8fCYFsG0FZoH+pWgTTDreqpqY7UnQntnaKv95uP5iW3+dChxnx7C3trQQU40S+OgWhUVwCjVFLvg==

"@esbuild/openbsd-arm64@0.24.0":
  version "0.24.0"
  resolved "https://registry.yarnpkg.com/@esbuild/openbsd-arm64/-/openbsd-arm64-0.24.0.tgz#5d904a4f5158c89859fd902c427f96d6a9e632e2"
  integrity sha512-MD9uzzkPQbYehwcN583yx3Tu5M8EIoTD+tUgKF982WYL9Pf5rKy9ltgD0eUgs8pvKnmizxjXZyLt0z6DC3rRXg==

"@esbuild/openbsd-x64@0.24.0":
  version "0.24.0"
  resolved "https://registry.yarnpkg.com/@esbuild/openbsd-x64/-/openbsd-x64-0.24.0.tgz#4c8aa88c49187c601bae2971e71c6dc5e0ad1cdf"
  integrity sha512-4ir0aY1NGUhIC1hdoCzr1+5b43mw99uNwVzhIq1OY3QcEwPDO3B7WNXBzaKY5Nsf1+N11i1eOfFcq+D/gOS15Q==

"@esbuild/sunos-x64@0.24.0":
  version "0.24.0"
  resolved "https://registry.yarnpkg.com/@esbuild/sunos-x64/-/sunos-x64-0.24.0.tgz#8ddc35a0ea38575fa44eda30a5ee01ae2fa54dd4"
  integrity sha512-jVzdzsbM5xrotH+W5f1s+JtUy1UWgjU0Cf4wMvffTB8m6wP5/kx0KiaLHlbJO+dMgtxKV8RQ/JvtlFcdZ1zCPA==

"@esbuild/win32-arm64@0.24.0":
  version "0.24.0"
  resolved "https://registry.yarnpkg.com/@esbuild/win32-arm64/-/win32-arm64-0.24.0.tgz#6e79c8543f282c4539db684a207ae0e174a9007b"
  integrity sha512-iKc8GAslzRpBytO2/aN3d2yb2z8XTVfNV0PjGlCxKo5SgWmNXx82I/Q3aG1tFfS+A2igVCY97TJ8tnYwpUWLCA==

"@esbuild/win32-ia32@0.24.0":
  version "0.24.0"
  resolved "https://registry.yarnpkg.com/@esbuild/win32-ia32/-/win32-ia32-0.24.0.tgz#057af345da256b7192d18b676a02e95d0fa39103"
  integrity sha512-vQW36KZolfIudCcTnaTpmLQ24Ha1RjygBo39/aLkM2kmjkWmZGEJ5Gn9l5/7tzXA42QGIoWbICfg6KLLkIw6yw==

"@esbuild/win32-x64@0.24.0":
  version "0.24.0"
  resolved "https://registry.yarnpkg.com/@esbuild/win32-x64/-/win32-x64-0.24.0.tgz#168ab1c7e1c318b922637fad8f339d48b01e1244"
  integrity sha512-7IAFPrjSQIJrGsK6flwg7NFmwBoSTyF3rl7If0hNUFQU4ilTsEPL6GuMuU9BfIWVVGuRnuIidkSMC+c0Otu8IA==

"@hotwired/stimulus@^3.2.1":
  version "3.2.2"
  resolved "https://registry.npmjs.org/@hotwired/stimulus/-/stimulus-3.2.2.tgz"
  integrity sha512-eGeIqNOQpXoPAIP7tC1+1Yc1yl1xnwYqg+3mzqxyrbE5pg5YFBZcA6YoTiByJB6DKAEsiWtl6tjTJS4IYtbB7A==

"@hotwired/turbo-rails@^8.0.3":
  version "8.0.12"
  resolved "https://registry.npmjs.org/@hotwired/turbo-rails/-/turbo-rails-8.0.12.tgz"
  integrity sha512-ZXwu9ez+Gd4RQNeHIitqOQgi/LyqY8J4JqsUN0nnYiZDBRq7IreeFdMbz29VdJpIsmYqwooE4cFzPU7QvJkQkA==
  dependencies:
    "@hotwired/turbo" "^8.0.12"
    "@rails/actioncable" "^7.0"

"@hotwired/turbo@^8.0.12":
  version "8.0.12"
  resolved "https://registry.npmjs.org/@hotwired/turbo/-/turbo-8.0.12.tgz"
  integrity sha512-l3BiQRkD7qrnQv6ms6sqPLczvwbQpXt5iAVwjDvX0iumrz6yEonQkNAzNjeDX25/OJMFDTxpHjkJZHGpM9ikWw==

"@nodelib/fs.scandir@2.1.5":
  version "2.1.5"
  resolved "https://registry.npmjs.org/@nodelib/fs.scandir/-/fs.scandir-2.1.5.tgz"
  integrity sha512-vq24Bq3ym5HEQm2NKCr3yXDwjc7vTsEThRDnkp2DK9p1uqLR+DHurm/NOTo0KG7HYHU7eppKZj3MyqYuMBf62g==
  dependencies:
    "@nodelib/fs.stat" "2.0.5"
    run-parallel "^1.1.9"

"@nodelib/fs.stat@2.0.5", "@nodelib/fs.stat@^2.0.2":
  version "2.0.5"
  resolved "https://registry.npmjs.org/@nodelib/fs.stat/-/fs.stat-2.0.5.tgz"
  integrity sha512-RkhPPp2zrqDAQA/2jNhnztcPAlv64XdhIp7a7454A5ovI7Bukxgt7MX7udwAu3zg1DcpPU0rz3VV1SeaqvY4+A==

"@nodelib/fs.walk@^1.2.3":
  version "1.2.8"
  resolved "https://registry.npmjs.org/@nodelib/fs.walk/-/fs.walk-1.2.8.tgz"
  integrity sha512-oGB+UxlgWcgQkgwo8GcEGwemoTFt3FIO9ababBmaGwXIoBKZ+GTy0pP185beGg7Llih/NSHSV2XAs1lnznocSg==
  dependencies:
    "@nodelib/fs.scandir" "2.1.5"
    fastq "^1.6.0"

"@parcel/watcher-android-arm64@2.5.0":
  version "2.5.0"
  resolved "https://registry.yarnpkg.com/@parcel/watcher-android-arm64/-/watcher-android-arm64-2.5.0.tgz#e32d3dda6647791ee930556aee206fcd5ea0fb7a"
  integrity sha512-qlX4eS28bUcQCdribHkg/herLe+0A9RyYC+mm2PXpncit8z5b3nSqGVzMNR3CmtAOgRutiZ02eIJJgP/b1iEFQ==

"@parcel/watcher-darwin-arm64@2.5.0":
  version "2.5.0"
  resolved "https://registry.npmjs.org/@parcel/watcher-darwin-arm64/-/watcher-darwin-arm64-2.5.0.tgz"
  integrity sha512-hyZ3TANnzGfLpRA2s/4U1kbw2ZI4qGxaRJbBH2DCSREFfubMswheh8TeiC1sGZ3z2jUf3s37P0BBlrD3sjVTUw==

"@parcel/watcher-darwin-x64@2.5.0":
  version "2.5.0"
  resolved "https://registry.yarnpkg.com/@parcel/watcher-darwin-x64/-/watcher-darwin-x64-2.5.0.tgz#f9f1d5ce9d5878d344f14ef1856b7a830c59d1bb"
  integrity sha512-9rhlwd78saKf18fT869/poydQK8YqlU26TMiNg7AIu7eBp9adqbJZqmdFOsbZ5cnLp5XvRo9wcFmNHgHdWaGYA==

"@parcel/watcher-freebsd-x64@2.5.0":
  version "2.5.0"
  resolved "https://registry.yarnpkg.com/@parcel/watcher-freebsd-x64/-/watcher-freebsd-x64-2.5.0.tgz#2b77f0c82d19e84ff4c21de6da7f7d096b1a7e82"
  integrity sha512-syvfhZzyM8kErg3VF0xpV8dixJ+RzbUaaGaeb7uDuz0D3FK97/mZ5AJQ3XNnDsXX7KkFNtyQyFrXZzQIcN49Tw==

"@parcel/watcher-linux-arm-glibc@2.5.0":
  version "2.5.0"
  resolved "https://registry.yarnpkg.com/@parcel/watcher-linux-arm-glibc/-/watcher-linux-arm-glibc-2.5.0.tgz#92ed322c56dbafa3d2545dcf2803334aee131e42"
  integrity sha512-0VQY1K35DQET3dVYWpOaPFecqOT9dbuCfzjxoQyif1Wc574t3kOSkKevULddcR9znz1TcklCE7Ht6NIxjvTqLA==

"@parcel/watcher-linux-arm-musl@2.5.0":
  version "2.5.0"
  resolved "https://registry.yarnpkg.com/@parcel/watcher-linux-arm-musl/-/watcher-linux-arm-musl-2.5.0.tgz#cd48e9bfde0cdbbd2ecd9accfc52967e22f849a4"
  integrity sha512-6uHywSIzz8+vi2lAzFeltnYbdHsDm3iIB57d4g5oaB9vKwjb6N6dRIgZMujw4nm5r6v9/BQH0noq6DzHrqr2pA==

"@parcel/watcher-linux-arm64-glibc@2.5.0":
  version "2.5.0"
  resolved "https://registry.yarnpkg.com/@parcel/watcher-linux-arm64-glibc/-/watcher-linux-arm64-glibc-2.5.0.tgz#7b81f6d5a442bb89fbabaf6c13573e94a46feb03"
  integrity sha512-BfNjXwZKxBy4WibDb/LDCriWSKLz+jJRL3cM/DllnHH5QUyoiUNEp3GmL80ZqxeumoADfCCP19+qiYiC8gUBjA==

"@parcel/watcher-linux-arm64-musl@2.5.0":
  version "2.5.0"
  resolved "https://registry.yarnpkg.com/@parcel/watcher-linux-arm64-musl/-/watcher-linux-arm64-musl-2.5.0.tgz#dcb8ff01077cdf59a18d9e0a4dff7a0cfe5fd732"
  integrity sha512-S1qARKOphxfiBEkwLUbHjCY9BWPdWnW9j7f7Hb2jPplu8UZ3nes7zpPOW9bkLbHRvWM0WDTsjdOTUgW0xLBN1Q==

"@parcel/watcher-linux-x64-glibc@2.5.0":
  version "2.5.0"
  resolved "https://registry.yarnpkg.com/@parcel/watcher-linux-x64-glibc/-/watcher-linux-x64-glibc-2.5.0.tgz#2e254600fda4e32d83942384d1106e1eed84494d"
  integrity sha512-d9AOkusyXARkFD66S6zlGXyzx5RvY+chTP9Jp0ypSTC9d4lzyRs9ovGf/80VCxjKddcUvnsGwCHWuF2EoPgWjw==

"@parcel/watcher-linux-x64-musl@2.5.0":
  version "2.5.0"
  resolved "https://registry.yarnpkg.com/@parcel/watcher-linux-x64-musl/-/watcher-linux-x64-musl-2.5.0.tgz#01fcea60fedbb3225af808d3f0a7b11229792eef"
  integrity sha512-iqOC+GoTDoFyk/VYSFHwjHhYrk8bljW6zOhPuhi5t9ulqiYq1togGJB5e3PwYVFFfeVgc6pbz3JdQyDoBszVaA==

"@parcel/watcher-win32-arm64@2.5.0":
  version "2.5.0"
  resolved "https://registry.yarnpkg.com/@parcel/watcher-win32-arm64/-/watcher-win32-arm64-2.5.0.tgz#87cdb16e0783e770197e52fb1dc027bb0c847154"
  integrity sha512-twtft1d+JRNkM5YbmexfcH/N4znDtjgysFaV9zvZmmJezQsKpkfLYJ+JFV3uygugK6AtIM2oADPkB2AdhBrNig==

"@parcel/watcher-win32-ia32@2.5.0":
  version "2.5.0"
  resolved "https://registry.yarnpkg.com/@parcel/watcher-win32-ia32/-/watcher-win32-ia32-2.5.0.tgz#778c39b56da33e045ba21c678c31a9f9d7c6b220"
  integrity sha512-+rgpsNRKwo8A53elqbbHXdOMtY/tAtTzManTWShB5Kk54N8Q9mzNWV7tV+IbGueCbcj826MfWGU3mprWtuf1TA==

"@parcel/watcher-win32-x64@2.5.0":
  version "2.5.0"
  resolved "https://registry.yarnpkg.com/@parcel/watcher-win32-x64/-/watcher-win32-x64-2.5.0.tgz#33873876d0bbc588aacce38e90d1d7480ce81cb7"
  integrity sha512-lPrxve92zEHdgeff3aiu4gDOIt4u7sJYha6wbdEZDCDUhtjTsOMiaJzG5lMY4GkWH8p0fMmO2Ppq5G5XXG+DQw==

"@parcel/watcher@^2.4.1":
  version "2.5.0"
  resolved "https://registry.npmjs.org/@parcel/watcher/-/watcher-2.5.0.tgz"
  integrity sha512-i0GV1yJnm2n3Yq1qw6QrUrd/LI9bE8WEBOTtOkpCXHHdyN3TAGgqAK/DAT05z4fq2x04cARXt2pDmjWjL92iTQ==
  dependencies:
    detect-libc "^1.0.3"
    is-glob "^4.0.3"
    micromatch "^4.0.5"
    node-addon-api "^7.0.0"
  optionalDependencies:
    "@parcel/watcher-android-arm64" "2.5.0"
    "@parcel/watcher-darwin-arm64" "2.5.0"
    "@parcel/watcher-darwin-x64" "2.5.0"
    "@parcel/watcher-freebsd-x64" "2.5.0"
    "@parcel/watcher-linux-arm-glibc" "2.5.0"
    "@parcel/watcher-linux-arm-musl" "2.5.0"
    "@parcel/watcher-linux-arm64-glibc" "2.5.0"
    "@parcel/watcher-linux-arm64-musl" "2.5.0"
    "@parcel/watcher-linux-x64-glibc" "2.5.0"
    "@parcel/watcher-linux-x64-musl" "2.5.0"
    "@parcel/watcher-win32-arm64" "2.5.0"
    "@parcel/watcher-win32-ia32" "2.5.0"
    "@parcel/watcher-win32-x64" "2.5.0"

"@popperjs/core@^2.11.8":
  version "2.11.8"
  resolved "https://registry.npmjs.org/@popperjs/core/-/core-2.11.8.tgz"
  integrity sha512-P1st0aksCrn9sGZhp8GMYwBnQsbvAWsZAX44oXNNvLHGqAOcoVxmjZiohstwQ7SqKnbR47akdNi+uleWD8+g6A==

"@rails/actioncable@^7.0":
  version "7.2.200"
  resolved "https://registry.npmjs.org/@rails/actioncable/-/actioncable-7.2.200.tgz"
  integrity sha512-gVmi3MabEa+Bkatvw0/k1Y3WTidcIf3qNbb9L8qc+AmT2UmkVqUZhJpSLvKmH10twCYIGzn7yySW/lOpg81Duw==

"@rails/actioncable@^7.0.4":
  version "7.2.201"
  resolved "https://registry.npmjs.org/@rails/actioncable/-/actioncable-7.2.201.tgz"
  integrity sha512-wsTdWoZ5EfG5k3t7ORdyQF0ZmDEgN4aVPCanHAiNEwCROqibSZMXXmCbH7IDJUVri4FOeAVwwbPINI7HVHPKBw==

"@rails/activestorage@^7.0.5":
  version "7.2.201"
  resolved "https://registry.npmjs.org/@rails/activestorage/-/activestorage-7.2.201.tgz"
  integrity sha512-7hCJsh2eULFwki4MhDGVLSdAABkmjQkCm9LNE2UK6Ti9uRMkhpER+PoLFLJ2QlJkahZuN62gbCnOnLczRxZSdA==
  dependencies:
    spark-md5 "^3.0.1"

"@sindresorhus/merge-streams@^2.1.0":
  version "2.3.0"
  resolved "https://registry.npmjs.org/@sindresorhus/merge-streams/-/merge-streams-2.3.0.tgz"
  integrity sha512-LtoMMhxAlorcGhmFYI+LhPgbPZCkgP6ra1YL604EeF6U98pLlQ3iWIGMdWSC+vWmPBWBNgmDBAhnAobLROJmwg==

ansi-regex@^5.0.1:
  version "5.0.1"
  resolved "https://registry.npmjs.org/ansi-regex/-/ansi-regex-5.0.1.tgz"
  integrity sha512-quJQXlTSUGL2LH9SUXo8VwsY4soanhgo6LNSm84E1LBcE8s3O0wpdiRzyR9z/ZZJMlMWv37qOOb9pdJlMUEKFQ==

ansi-styles@^4.0.0:
  version "4.3.0"
  resolved "https://registry.npmjs.org/ansi-styles/-/ansi-styles-4.3.0.tgz"
  integrity sha512-zbB9rCJAT1rbjiVDb2hqKFHNYLxgtk8NURxZ3IZwD3F6NtxbXZQCnnSi1Lkx+IDohdPlFp222wVALIheZJQSEg==
  dependencies:
    color-convert "^2.0.1"

anymatch@~3.1.2:
  version "3.1.3"
  resolved "https://registry.npmjs.org/anymatch/-/anymatch-3.1.3.tgz"
  integrity sha512-KMReFUr0B4t+D+OBkjR3KYqvocp2XaSzO55UcB6mgQMd3KbcE+mWTyvVV7D/zsdEbNnV6acZUutkiHQXvTr1Rw==
  dependencies:
    normalize-path "^3.0.0"
    picomatch "^2.0.4"

autoprefixer@^10.4.20:
  version "10.4.20"
  resolved "https://registry.npmjs.org/autoprefixer/-/autoprefixer-10.4.20.tgz"
  integrity sha512-XY25y5xSv/wEoqzDyXXME4AFfkZI0P23z6Fs3YgymDnKJkCGOnkL0iTxCa85UTqaSgfcqyf3UA6+c7wUvx/16g==
  dependencies:
    browserslist "^4.23.3"
    caniuse-lite "^1.0.30001646"
    fraction.js "^4.3.7"
    normalize-range "^0.1.2"
    picocolors "^1.0.1"
    postcss-value-parser "^4.2.0"

balanced-match@^1.0.0:
  version "1.0.2"
  resolved "https://registry.npmjs.org/balanced-match/-/balanced-match-1.0.2.tgz"
  integrity sha512-3oSeUO0TMV67hN1AmbXsK4yaqU7tjiHlbxRDZOpH0KW9+CeX4bRAaX0Anxt0tx2MrpRpWwQaPwIlISEJhYU5Pw==

binary-extensions@^2.0.0:
  version "2.3.0"
  resolved "https://registry.npmjs.org/binary-extensions/-/binary-extensions-2.3.0.tgz"
  integrity sha512-Ceh+7ox5qe7LJuLHoY0feh3pHuUDHAcRUeyL2VYghZwfpkNIy/+8Ocg0a3UuSoYzavmylwuLWQOf3hl0jjMMIw==

bootstrap-icons@^1.11.3:
  version "1.11.3"
  resolved "https://registry.npmjs.org/bootstrap-icons/-/bootstrap-icons-1.11.3.tgz"
  integrity sha512-+3lpHrCw/it2/7lBL15VR0HEumaBss0+f/Lb6ZvHISn1mlK83jjFpooTLsMWbIjJMDjDjOExMsTxnXSIT4k4ww==

bootstrap@^5.3.3:
  version "5.3.3"
  resolved "https://registry.npmjs.org/bootstrap/-/bootstrap-5.3.3.tgz"
  integrity sha512-8HLCdWgyoMguSO9o+aH+iuZ+aht+mzW0u3HIMzVu7Srrpv7EBBxTnrFlSCskwdY1+EOFQSm7uMJhNQHkdPcmjg==

brace-expansion@^1.1.7:
  version "1.1.11"
  resolved "https://registry.npmjs.org/brace-expansion/-/brace-expansion-1.1.11.tgz"
  integrity sha512-iCuPHDFgrHX7H2vEI/5xpz07zSHB00TpugqhmYtVmMO6518mCuRMoOYFldEBl0g187ufozdaHgWKcYFb61qGiA==
  dependencies:
    balanced-match "^1.0.0"
    concat-map "0.0.1"

braces@^3.0.3, braces@~3.0.2:
  version "3.0.3"
  resolved "https://registry.npmjs.org/braces/-/braces-3.0.3.tgz"
  integrity sha512-yQbXgO/OSZVD2IsiLlro+7Hf6Q18EJrKSEsdoMzKePKXct3gvD8oLcOQdIzGupr5Fj+EDe8gO/lxc1BzfMpxvA==
  dependencies:
    fill-range "^7.1.1"

browserslist@^4.23.3:
  version "4.24.3"
  resolved "https://registry.npmjs.org/browserslist/-/browserslist-4.24.3.tgz"
  integrity sha512-1CPmv8iobE2fyRMV97dAcMVegvvWKxmq94hkLiAkUGwKVTyDLw33K+ZxiFrREKmmps4rIw6grcCFCnTMSZ/YiA==
  dependencies:
    caniuse-lite "^1.0.30001688"
    electron-to-chromium "^1.5.73"
    node-releases "^2.0.19"
    update-browserslist-db "^1.1.1"

caniuse-lite@^1.0.30001646, caniuse-lite@^1.0.30001688:
  version "1.0.30001689"
  resolved "https://registry.npmjs.org/caniuse-lite/-/caniuse-lite-1.0.30001689.tgz"
  integrity sha512-CmeR2VBycfa+5/jOfnp/NpWPGd06nf1XYiefUvhXFfZE4GkRc9jv+eGPS4nT558WS/8lYCzV8SlANCIPvbWP1g==

chokidar@^3.3.0, chokidar@^3.5.2:
  version "3.6.0"
  resolved "https://registry.npmjs.org/chokidar/-/chokidar-3.6.0.tgz"
  integrity sha512-7VT13fmjotKpGipCW9JEQAusEPE+Ei8nl6/g4FBAmIm0GOOLMua9NDDo/DWp0ZAxCr3cPq5ZpBqmPAQgDda2Pw==
  dependencies:
    anymatch "~3.1.2"
    braces "~3.0.2"
    glob-parent "~5.1.2"
    is-binary-path "~2.1.0"
    is-glob "~4.0.1"
    normalize-path "~3.0.0"
    readdirp "~3.6.0"
  optionalDependencies:
    fsevents "~2.3.2"

chokidar@^4.0.0, chokidar@^4.0.2:
  version "4.0.2"
  resolved "https://registry.npmjs.org/chokidar/-/chokidar-4.0.2.tgz"
  integrity sha512-/b57FK+bblSU+dfewfFe0rT1YjVDfOmeLQwCAuC+vwvgLkXboATqqmy+Ipux6JrF6L5joe5CBnFOw+gLWH6yKg==
  dependencies:
    readdirp "^4.0.1"

clipboard@^2.0.11:
  version "2.0.11"
  resolved "https://registry.npmjs.org/clipboard/-/clipboard-2.0.11.tgz"
  integrity sha512-C+0bbOqkezLIsmWSvlsXS0Q0bmkugu7jcfMIACB+RDEntIzQIkdr148we28AfSloQLRdZlYL/QYyrq05j/3Faw==
  dependencies:
    good-listener "^1.2.2"
    select "^1.1.2"
    tiny-emitter "^2.0.0"

cliui@^8.0.1:
  version "8.0.1"
  resolved "https://registry.npmjs.org/cliui/-/cliui-8.0.1.tgz"
  integrity sha512-BSeNnyus75C4//NQ9gQt1/csTXyo/8Sb+afLAkzAptFuMsod9HFokGNudZpi/oQV73hnVK+sR+5PVRMd+Dr7YQ==
  dependencies:
    string-width "^4.2.0"
    strip-ansi "^6.0.1"
    wrap-ansi "^7.0.0"

color-convert@^2.0.1:
  version "2.0.1"
  resolved "https://registry.npmjs.org/color-convert/-/color-convert-2.0.1.tgz"
  integrity sha512-RRECPsj7iu/xb5oKYcsFHSppFNnsj/52OVTRKb4zP5onXwVF3zVmmToNcOfGC+CRDpfK/U584fMg38ZHCaElKQ==
  dependencies:
    color-name "~1.1.4"

color-name@~1.1.4:
  version "1.1.4"
  resolved "https://registry.npmjs.org/color-name/-/color-name-1.1.4.tgz"
  integrity sha512-dOy+3AuW3a2wNbZHIuMZpTcgjGuLU/uBL/ubcZF9OXbDo8ff4O8yVp5Bf0efS8uEoYo5q4Fx7dY9OgQGXgAsQA==

concat-map@0.0.1:
  version "0.0.1"
  resolved "https://registry.npmjs.org/concat-map/-/concat-map-0.0.1.tgz"
  integrity sha512-/Srv4dswyQNBfohGpz9o6Yb3Gz3SrUDqBH5rTuhGR7ahtlbYKnVxw2bCFMRljaA7EXHaXZ8wsHdodFvbkhKmqg==

cuint@^0.2.2:
  version "0.2.2"
  resolved "https://registry.yarnpkg.com/cuint/-/cuint-0.2.2.tgz#408086d409550c2631155619e9fa7bcadc3b991b"
  integrity sha512-d4ZVpCW31eWwCMe1YT3ur7mUDnTXbgwyzaL320DrcRT45rfjYxkt5QWLrmOJ+/UEAI2+fQgKe/fCjR8l4TpRgw==

debug@^4:
  version "4.4.0"
  resolved "https://registry.npmjs.org/debug/-/debug-4.4.0.tgz"
  integrity sha512-6WTZ/IxCY/T6BALoZHaE4ctp9xm+Z5kY/pzYaCHRFeyVhojxlrm+46y68HA6hr0TcwEssoxNiDEUJQjfPZ/RYA==
  dependencies:
    ms "^2.1.3"

delegate@^3.1.2:
  version "3.2.0"
  resolved "https://registry.npmjs.org/delegate/-/delegate-3.2.0.tgz"
  integrity sha512-IofjkYBZaZivn0V8nnsMJGBr4jVLxHDheKSW88PyxS5QC4Vo9ZbZVvhzlSxY87fVq3STR6r+4cGepyHkcWOQSw==

dependency-graph@^0.11.0:
  version "0.11.0"
  resolved "https://registry.npmjs.org/dependency-graph/-/dependency-graph-0.11.0.tgz"
  integrity sha512-JeMq7fEshyepOWDfcfHK06N3MhyPhz++vtqWhMT5O9A3K42rdsEDpfdVqjaqaAhsw6a+ZqeDvQVtD0hFHQWrzg==

detect-libc@^1.0.3:
  version "1.0.3"
  resolved "https://registry.npmjs.org/detect-libc/-/detect-libc-1.0.3.tgz"
  integrity sha512-pGjwhsmsp4kL2RTz08wcOlGN83otlqHeD/Z5T8GXZB+/YcpQ/dgo+lbU8ZsGxV0HIvqqxo9l7mqYwyYMD9bKDg==

electron-to-chromium@^1.5.73:
  version "1.5.74"
  resolved "https://registry.npmjs.org/electron-to-chromium/-/electron-to-chromium-1.5.74.tgz"
  integrity sha512-ck3//9RC+6oss/1Bh9tiAVFy5vfSKbRHAFh7Z3/eTRkEqJeWgymloShB17Vg3Z4nmDNp35vAd1BZ6CMW4Wt6Iw==

emoji-regex@^8.0.0:
  version "8.0.0"
  resolved "https://registry.npmjs.org/emoji-regex/-/emoji-regex-8.0.0.tgz"
  integrity sha512-MSjYzcWNOA0ewAHpz0MxpYFvwg6yjy1NG3xteoqz644VCo/RPgnr1/GGt+ic3iJTzQ8Eu3TdM14SawnVUmGE6A==

esbuild-rails@^1.0.3:
  version "1.0.7"
  resolved "https://registry.npmjs.org/esbuild-rails/-/esbuild-rails-1.0.7.tgz"
  integrity sha512-6LuKQnYY32fisBSJoMeDQm1V4MB17P95oV8Er145j77Yr7sDE6TpKKtXeprApN3YxE2rQUeU3il4LR3GHh5fIw==
  dependencies:
    fast-glob "^3.2.12"

esbuild@^0.24.0:
  version "0.24.0"
  resolved "https://registry.npmjs.org/esbuild/-/esbuild-0.24.0.tgz"
  integrity sha512-FuLPevChGDshgSicjisSooU0cemp/sGXR841D5LHMB7mTVOmsEHcAxaH3irL53+8YDIeVNQEySh4DaYU/iuPqQ==
  optionalDependencies:
    "@esbuild/aix-ppc64" "0.24.0"
    "@esbuild/android-arm" "0.24.0"
    "@esbuild/android-arm64" "0.24.0"
    "@esbuild/android-x64" "0.24.0"
    "@esbuild/darwin-arm64" "0.24.0"
    "@esbuild/darwin-x64" "0.24.0"
    "@esbuild/freebsd-arm64" "0.24.0"
    "@esbuild/freebsd-x64" "0.24.0"
    "@esbuild/linux-arm" "0.24.0"
    "@esbuild/linux-arm64" "0.24.0"
    "@esbuild/linux-ia32" "0.24.0"
    "@esbuild/linux-loong64" "0.24.0"
    "@esbuild/linux-mips64el" "0.24.0"
    "@esbuild/linux-ppc64" "0.24.0"
    "@esbuild/linux-riscv64" "0.24.0"
    "@esbuild/linux-s390x" "0.24.0"
    "@esbuild/linux-x64" "0.24.0"
    "@esbuild/netbsd-x64" "0.24.0"
    "@esbuild/openbsd-arm64" "0.24.0"
    "@esbuild/openbsd-x64" "0.24.0"
    "@esbuild/sunos-x64" "0.24.0"
    "@esbuild/win32-arm64" "0.24.0"
    "@esbuild/win32-ia32" "0.24.0"
    "@esbuild/win32-x64" "0.24.0"

escalade@^3.1.1, escalade@^3.2.0:
  version "3.2.0"
  resolved "https://registry.npmjs.org/escalade/-/escalade-3.2.0.tgz"
  integrity sha512-WUj2qlxaQtO4g6Pq5c29GTcWGDyd8itL8zTlipgECz3JesAiiOKotd8JU6otB3PACgG6xkJUyVhboMS+bje/jA==

fast-glob@^3.2.12, fast-glob@^3.3.2:
  version "3.3.2"
  resolved "https://registry.npmjs.org/fast-glob/-/fast-glob-3.3.2.tgz"
  integrity sha512-oX2ruAFQwf/Orj8m737Y5adxDQO0LAB7/S5MnxCdTNDd4p6BsyIVsv9JQsATbTSq8KHRpLwIHbVlUNatxd+1Ow==
  dependencies:
    "@nodelib/fs.stat" "^2.0.2"
    "@nodelib/fs.walk" "^1.2.3"
    glob-parent "^5.1.2"
    merge2 "^1.3.0"
    micromatch "^4.0.4"

fastq@^1.6.0:
  version "1.17.1"
  resolved "https://registry.npmjs.org/fastq/-/fastq-1.17.1.tgz"
  integrity sha512-sRVD3lWVIXWg6By68ZN7vho9a1pQcN/WBFaAAsDDFzlJjvoGx0P8z7V1t72grFJfJhu3YPZBuu25f7Kaw2jN1w==
  dependencies:
    reusify "^1.0.4"

fill-range@^7.1.1:
  version "7.1.1"
  resolved "https://registry.npmjs.org/fill-range/-/fill-range-7.1.1.tgz"
  integrity sha512-YsGpe3WHLK8ZYi4tWDg2Jy3ebRz2rXowDxnld4bkQB00cc/1Zw9AWnC0i9ztDJitivtQvaI9KaLyKrc+hBW0yg==
  dependencies:
    to-regex-range "^5.0.1"

flag-icons@^7.2.3:
  version "7.2.3"
  resolved "https://registry.yarnpkg.com/flag-icons/-/flag-icons-7.2.3.tgz#b67f379fa0ef28c4e605319a78035131bdd8ced7"
  integrity sha512-X2gUdteNuqdNqob2KKTJTS+ZCvyWeLCtDz9Ty8uJP17Y4o82Y+U/Vd4JNrdwTAjagYsRznOn9DZ+E/Q52qbmqg==

fraction.js@^4.3.7:
  version "4.3.7"
  resolved "https://registry.npmjs.org/fraction.js/-/fraction.js-4.3.7.tgz"
  integrity sha512-ZsDfxO51wGAXREY55a7la9LScWpwv9RxIrYABrlvOFBlH/ShPnrtsXeuUIfXKKOVicNxQ+o8JTbJvjS4M89yew==

fs-extra@^11.0.0:
  version "11.2.0"
  resolved "https://registry.npmjs.org/fs-extra/-/fs-extra-11.2.0.tgz"
  integrity sha512-PmDi3uwK5nFuXh7XDTlVnS17xJS7vW36is2+w3xcv8SVxiB4NyATf4ctkVY5bkSjX0Y4nbvZCq1/EjtEyr9ktw==
  dependencies:
    graceful-fs "^4.2.0"
    jsonfile "^6.0.1"
    universalify "^2.0.0"

fsevents@~2.3.2:
  version "2.3.3"
  resolved "https://registry.npmjs.org/fsevents/-/fsevents-2.3.3.tgz"
  integrity sha512-5xoDfX+fL7faATnagmWPpbFtwh/R77WmMMqqHGS65C3vvB0YHrgF+B1YmZ3441tMj5n63k0212XNoJwzlhffQw==

function-bind@^1.1.2:
  version "1.1.2"
  resolved "https://registry.yarnpkg.com/function-bind/-/function-bind-1.1.2.tgz#2c02d864d97f3ea6c8830c464cbd11ab6eab7a1c"
  integrity sha512-7XHNxH7qX9xG5mIwxkhumTox/MIRNcOgDrxWsMt2pAr23WHp6MrRlN7FBSFpCpr+oVO0F744iUgR82nJMfG2SA==

get-caller-file@^2.0.5:
  version "2.0.5"
  resolved "https://registry.npmjs.org/get-caller-file/-/get-caller-file-2.0.5.tgz"
  integrity sha512-DyFP3BM/3YHTQOCUL/w0OZHR0lpKeGrxotcHWcqNEdnltqFwXVfhEBQ94eIo34AfQpo0rGki4cyIiftY06h2Fg==

get-stdin@^9.0.0:
  version "9.0.0"
  resolved "https://registry.npmjs.org/get-stdin/-/get-stdin-9.0.0.tgz"
  integrity sha512-dVKBjfWisLAicarI2Sf+JuBE/DghV4UzNAVe9yhEJuzeREd3JhOTE9cUaJTeSa77fsbQUK3pcOpJfM59+VKZaA==

glob-parent@^5.1.2, glob-parent@~5.1.2:
  version "5.1.2"
  resolved "https://registry.npmjs.org/glob-parent/-/glob-parent-5.1.2.tgz"
  integrity sha512-AOIgSQCepiJYwP3ARnGx+5VnTu2HBYdzbGP45eLw1vr3zB3vZLeyed1sC9hnbcOc9/SrMyM5RPQrkGz4aS9Zow==
  dependencies:
    is-glob "^4.0.1"

globby@^14.0.0:
  version "14.0.2"
  resolved "https://registry.npmjs.org/globby/-/globby-14.0.2.tgz"
  integrity sha512-s3Fq41ZVh7vbbe2PN3nrW7yC7U7MFVc5c98/iTl9c2GawNMKx/J648KQRW6WKkuU8GIbbh2IXfIRQjOZnXcTnw==
  dependencies:
    "@sindresorhus/merge-streams" "^2.1.0"
    fast-glob "^3.3.2"
    ignore "^5.2.4"
    path-type "^5.0.0"
    slash "^5.1.0"
    unicorn-magic "^0.1.0"

good-listener@^1.2.2:
  version "1.2.2"
  resolved "https://registry.npmjs.org/good-listener/-/good-listener-1.2.2.tgz"
  integrity sha512-goW1b+d9q/HIwbVYZzZ6SsTr4IgE+WA44A0GmPIQstuOrgsFcT7VEJ48nmr9GaRtNu0XTKacFLGnBPAM6Afouw==
  dependencies:
    delegate "^3.1.2"

graceful-fs@^4.1.6, graceful-fs@^4.2.0:
  version "4.2.11"
  resolved "https://registry.npmjs.org/graceful-fs/-/graceful-fs-4.2.11.tgz"
  integrity sha512-RbJ5/jmFcNNCcDV5o9eTnBLJ/HszWV0P73bc+Ff4nS/rJj+YaS6IGyiOL0VoBYX+l1Wrl3k63h/KrH+nhJ0XvQ==

has-flag@^3.0.0:
  version "3.0.0"
  resolved "https://registry.npmjs.org/has-flag/-/has-flag-3.0.0.tgz"
  integrity sha512-sKJf1+ceQBr4SMkvQnBDNDtf4TXpVhVGateu0t918bl30FnbE2m4vNLX+VWe/dpjlb+HugGYzW7uQXH98HPEYw==

hasown@^2.0.2:
  version "2.0.2"
  resolved "https://registry.yarnpkg.com/hasown/-/hasown-2.0.2.tgz#003eaf91be7adc372e84ec59dc37252cedb80003"
  integrity sha512-0hJU9SCPvmMzIBdZFqNPXWa6dqh7WdH0cII9y+CyS8rG3nL48Bclra9HmKhVVUHyPWNH5Y7xDwAB7bfgSjkUMQ==
  dependencies:
    function-bind "^1.1.2"

ignore-by-default@^1.0.1:
  version "1.0.1"
  resolved "https://registry.npmjs.org/ignore-by-default/-/ignore-by-default-1.0.1.tgz"
  integrity sha512-Ius2VYcGNk7T90CppJqcIkS5ooHUZyIQK+ClZfMfMNFEF9VSE73Fq+906u/CWu92x4gzZMWOwfFYckPObzdEbA==

ignore@^5.2.4:
  version "5.3.2"
  resolved "https://registry.npmjs.org/ignore/-/ignore-5.3.2.tgz"
  integrity sha512-hsBTNUqQTDwkWtcdYI2i06Y/nUBEsNEDJKjWdigLvegy8kDuJAS8uRlpkkcQpyEXL0Z/pjDy5HBmMjRCJ2gq+g==

immutable@^5.0.2:
  version "5.0.3"
  resolved "https://registry.npmjs.org/immutable/-/immutable-5.0.3.tgz"
  integrity sha512-P8IdPQHq3lA1xVeBRi5VPqUm5HDgKnx0Ru51wZz5mjxHr5n3RWhjIpOFU7ybkUxfB+5IToy+OLaHYDBIWsv+uw==

is-binary-path@~2.1.0:
  version "2.1.0"
  resolved "https://registry.npmjs.org/is-binary-path/-/is-binary-path-2.1.0.tgz"
  integrity sha512-ZMERYes6pDydyuGidse7OsHxtbI7WVeUEozgR/g7rd0xUimYNlvZRE/K2MgZTjWy725IfelLeVcEM97mmtRGXw==
  dependencies:
    binary-extensions "^2.0.0"

is-core-module@^2.16.0:
  version "2.16.0"
  resolved "https://registry.yarnpkg.com/is-core-module/-/is-core-module-2.16.0.tgz#6c01ffdd5e33c49c1d2abfa93334a85cb56bd81c"
  integrity sha512-urTSINYfAYgcbLb0yDQ6egFm6h3Mo1DcF9EkyXSRjjzdHbsulg01qhwWuXdOoUBuTkbQ80KDboXa0vFJ+BDH+g==
  dependencies:
    hasown "^2.0.2"

is-extglob@^2.1.1:
  version "2.1.1"
  resolved "https://registry.npmjs.org/is-extglob/-/is-extglob-2.1.1.tgz"
  integrity sha512-SbKbANkN603Vi4jEZv49LeVJMn4yGwsbzZworEoyEiutsN3nJYdbO36zfhGJ6QEDpOZIFkDtnq5JRxmvl3jsoQ==

is-fullwidth-code-point@^3.0.0:
  version "3.0.0"
  resolved "https://registry.npmjs.org/is-fullwidth-code-point/-/is-fullwidth-code-point-3.0.0.tgz"
  integrity sha512-zymm5+u+sCsSWyD9qNaejV3DFvhCKclKdizYaJUuHA83RLjb7nSuGnddCHGv0hk+KY7BMAlsWeK4Ueg6EV6XQg==

is-glob@^4.0.1, is-glob@^4.0.3, is-glob@~4.0.1:
  version "4.0.3"
  resolved "https://registry.npmjs.org/is-glob/-/is-glob-4.0.3.tgz"
  integrity sha512-xelSayHH36ZgE7ZWhli7pW34hNbNl8Ojv5KVmkJD4hBdD3th8Tfk9vYasLM+mXWOZhFkgZfxhLSnrwRr4elSSg==
  dependencies:
    is-extglob "^2.1.1"

is-number@^7.0.0:
  version "7.0.0"
  resolved "https://registry.npmjs.org/is-number/-/is-number-7.0.0.tgz"
  integrity sha512-41Cifkg6e8TylSpdtTpeLVMqvSBEVzTttHvERD741+pnZ8ANv0004MRL43QKPDlK9cGvNp6NZWZUBlbGXYxxng==

js-cookie@^3.0.4:
  version "3.0.5"
  resolved "https://registry.npmjs.org/js-cookie/-/js-cookie-3.0.5.tgz"
  integrity sha512-cEiJEAEoIbWfCZYKWhVwFuvPX1gETRYPw6LlaTKoxD3s2AkXzkCjnp6h0V77ozyqj0jakteJ4YqDJT830+lVGw==

jsonfile@^6.0.1:
  version "6.1.0"
  resolved "https://registry.npmjs.org/jsonfile/-/jsonfile-6.1.0.tgz"
  integrity sha512-5dgndWOriYSm5cnYaJNhalLNDKOqFwyDB/rr1E9ZsGciGvKPs8R2xYGCacuf3z6K1YKDz182fd+fY3cn3pMqXQ==
  dependencies:
    universalify "^2.0.0"
  optionalDependencies:
    graceful-fs "^4.1.6"

lilconfig@^3.1.1:
  version "3.1.3"
  resolved "https://registry.npmjs.org/lilconfig/-/lilconfig-3.1.3.tgz"
  integrity sha512-/vlFKAoH5Cgt3Ie+JLhRbwOsCQePABiU3tJ1egGvyQ+33R/vcwM2Zl2QR/LzjsBeItPt3oSVXapn+m4nQDvpzw==

make-dir@~3.1.0:
  version "3.1.0"
  resolved "https://registry.yarnpkg.com/make-dir/-/make-dir-3.1.0.tgz#415e967046b3a7f1d185277d84aa58203726a13f"
  integrity sha512-g3FeP20LNwhALb/6Cz6Dd4F2ngze0jz7tbzrD2wAV+o9FeNHe4rL+yK2md0J/fiSf1sa1ADhXqi5+oVwOM/eGw==
  dependencies:
    semver "^6.0.0"

merge2@^1.3.0:
  version "1.4.1"
  resolved "https://registry.npmjs.org/merge2/-/merge2-1.4.1.tgz"
  integrity sha512-8q7VEgMJW4J8tcfVPy8g09NcQwZdbwFEqhe/WZkoIzjn/3TGDwtOCYtXGxA3O8tPzpczCCDgv+P2P5y00ZJOOg==

micromatch@^4.0.4, micromatch@^4.0.5:
  version "4.0.8"
  resolved "https://registry.npmjs.org/micromatch/-/micromatch-4.0.8.tgz"
  integrity sha512-PXwfBhYu0hBCPw8Dn0E+WDYb7af3dSLVWKi3HGv84IdF4TyFoC0ysxFd0Goxw7nSv4T/PzEJQxsYsEiFCKo2BA==
  dependencies:
    braces "^3.0.3"
    picomatch "^2.3.1"

mime@~2.5.2:
  version "2.5.2"
  resolved "https://registry.yarnpkg.com/mime/-/mime-2.5.2.tgz#6e3dc6cc2b9510643830e5f19d5cb753da5eeabe"
  integrity sha512-tqkh47FzKeCPD2PUiPB6pkbMzsCasjxAfC62/Wap5qrUWcb+sFasXUC5I3gYM5iBM8v/Qpn4UK0x+j0iHyFPDg==

minimatch@^3.1.2:
  version "3.1.2"
  resolved "https://registry.npmjs.org/minimatch/-/minimatch-3.1.2.tgz"
  integrity sha512-J7p63hRiAjw1NDEww1W7i37+ByIrOWO5XQQAzZ3VOcL0PNybwpfmV/N05zFAzwQ9USyEcX6t3UO+K5aqBQOIHw==
  dependencies:
    brace-expansion "^1.1.7"

minimatch@~3.0.4:
  version "3.0.8"
  resolved "https://registry.yarnpkg.com/minimatch/-/minimatch-3.0.8.tgz#5e6a59bd11e2ab0de1cfb843eb2d82e546c321c1"
  integrity sha512-6FsRAQsxQ61mw+qP1ZzbL9Bc78x2p5OqNgNpnoAFLTrX8n5Kxph0CsnhmKKNXTWjXqU5L0pGPR7hYk+XWZr60Q==
  dependencies:
    brace-expansion "^1.1.7"

ms@^2.1.3:
  version "2.1.3"
  resolved "https://registry.npmjs.org/ms/-/ms-2.1.3.tgz"
  integrity sha512-6FlzubTLZG3J2a/NVCAleEhjzq5oxgHyaCU9yYXvcLsvoVaHJq/s5xXI6/XXP6tz7R9xAOtHnSO/tXtF3WRTlA==

nanoid@^3.3.7:
  version "3.3.8"
  resolved "https://registry.npmjs.org/nanoid/-/nanoid-3.3.8.tgz"
  integrity sha512-WNLf5Sd8oZxOm+TzppcYk8gVOgP+l58xNy58D0nbUnOxOWRWvlcCV4kUF7ltmI6PsrLl/BgKEyS4mqsGChFN0w==

node-addon-api@^7.0.0:
  version "7.1.1"
  resolved "https://registry.npmjs.org/node-addon-api/-/node-addon-api-7.1.1.tgz"
  integrity sha512-5m3bsyrjFWE1xf7nz7YXdN4udnVtXK6/Yfgn5qnahL6bCkf2yKt4k3nuTKAtT4r3IG8JNR2ncsIMdZuAzJjHQQ==

node-releases@^2.0.19:
  version "2.0.19"
  resolved "https://registry.npmjs.org/node-releases/-/node-releases-2.0.19.tgz"
  integrity sha512-xxOWJsBKtzAq7DY0J+DTzuz58K8e7sJbdgwkbMWQe8UYB6ekmsQ45q0M/tJDsGaZmbC+l7n57UV8Hl5tHxO9uw==

nodemon@^3.1.9:
  version "3.1.9"
  resolved "https://registry.npmjs.org/nodemon/-/nodemon-3.1.9.tgz"
  integrity sha512-hdr1oIb2p6ZSxu3PB2JWWYS7ZQ0qvaZsc3hK8DR8f02kRzc8rjYmxAIvdz+aYC+8F2IjNaB7HMcSDg8nQpJxyg==
  dependencies:
    chokidar "^3.5.2"
    debug "^4"
    ignore-by-default "^1.0.1"
    minimatch "^3.1.2"
    pstree.remy "^1.1.8"
    semver "^7.5.3"
    simple-update-notifier "^2.0.0"
    supports-color "^5.5.0"
    touch "^3.1.0"
    undefsafe "^2.0.5"

normalize-path@^3.0.0, normalize-path@~3.0.0:
  version "3.0.0"
  resolved "https://registry.npmjs.org/normalize-path/-/normalize-path-3.0.0.tgz"
  integrity sha512-6eZs5Ls3WtCisHWp9S2GUy8dqkpGi4BVSz3GaqiE6ezub0512ESztXUwUB6C6IKbQkY2Pnb/mD4WYojCRwcwLA==

normalize-range@^0.1.2:
  version "0.1.2"
  resolved "https://registry.npmjs.org/normalize-range/-/normalize-range-0.1.2.tgz"
  integrity sha512-bdok/XvKII3nUpklnV6P2hxtMNrCboOjAcyBuQnWEhO665FwrSNRxU+AqpsyvO6LgGYPspN+lu5CLtw4jPRKNA==

omgopass@^3.2.1:
  version "3.2.1"
  resolved "https://registry.npmjs.org/omgopass/-/omgopass-3.2.1.tgz"
  integrity sha512-Q0QqwwL3ag1Pyjhx6vfieaz73pHNLa3v59qhRcTCUINmJOwdcLu0kNKncBSF2ylnzrqmZw9VRgOEdAwvCSxffA==

path-parse@^1.0.7:
  version "1.0.7"
  resolved "https://registry.yarnpkg.com/path-parse/-/path-parse-1.0.7.tgz#fbc114b60ca42b30d9daf5858e4bd68bbedb6735"
  integrity sha512-LDJzPVEEEPR+y48z93A0Ed0yXb8pAByGWo/k5YYdYgpY2/2EsOsksJrq7lOHxryrVOn1ejG6oAp8ahvOIQD8sw==

path-type@^5.0.0:
  version "5.0.0"
  resolved "https://registry.npmjs.org/path-type/-/path-type-5.0.0.tgz"
  integrity sha512-5HviZNaZcfqP95rwpv+1HDgUamezbqdSYTyzjTvwtJSnIH+3vnbmWsItli8OFEndS984VT55M3jduxZbX351gg==

picocolors@^1.0.0, picocolors@^1.0.1, picocolors@^1.1.0, picocolors@^1.1.1:
  version "1.1.1"
  resolved "https://registry.npmjs.org/picocolors/-/picocolors-1.1.1.tgz"
  integrity sha512-xceH2snhtb5M9liqDsmEw56le376mTZkEX/jEb/RxNFyegNul7eNslCXP9FDj/Lcu0X8KEyMceP2ntpaHrDEVA==

picomatch@^2.0.4, picomatch@^2.2.1, picomatch@^2.3.1:
  version "2.3.1"
  resolved "https://registry.npmjs.org/picomatch/-/picomatch-2.3.1.tgz"
  integrity sha512-JU3teHTNjmE2VCGFzuY8EXzCDVwEqB2a8fsIvwaStHhAWJEeVd1o1QD80CU6+ZdEXXSLbSsuLwJjkCBWqRQUVA==

pify@^2.3.0:
  version "2.3.0"
  resolved "https://registry.npmjs.org/pify/-/pify-2.3.0.tgz"
  integrity sha512-udgsAY+fTnvv7kI7aaxbqwWNb0AHiB0qBO89PZKPkoTmGOgdbrHDKD+0B2X4uTfJ/FT1R09r9gTsjUjNJotuog==

postcss-cli@^11.0.0:
  version "11.0.0"
  resolved "https://registry.yarnpkg.com/postcss-cli/-/postcss-cli-11.0.0.tgz#649f4b9af447501feb6cbca7f7505a132f90442b"
  integrity sha512-xMITAI7M0u1yolVcXJ9XTZiO9aO49mcoKQy6pCDFdMh9kGqhzLVpWxeD/32M/QBmkhcGypZFFOLNLmIW4Pg4RA==
  dependencies:
    chokidar "^3.3.0"
    dependency-graph "^0.11.0"
    fs-extra "^11.0.0"
    get-stdin "^9.0.0"
    globby "^14.0.0"
    picocolors "^1.0.0"
    postcss-load-config "^5.0.0"
    postcss-reporter "^7.0.0"
    pretty-hrtime "^1.0.3"
    read-cache "^1.0.0"
    slash "^5.0.0"
    yargs "^17.0.0"

postcss-env-function@^7.0.0:
  version "7.0.0"
  resolved "https://registry.yarnpkg.com/postcss-env-function/-/postcss-env-function-7.0.0.tgz#82d3ddb6cdecec8a6a7ffa0837f3b6c24377446a"
  integrity sha512-RH50KMbqIg4X0XnIwGA4Y5T61Y5wF7DNSG53RSpxtyM14G+lJvmE892+Zy1mXtjLp2DWico2Xg/eWNPwTDPJ9A==
  dependencies:
    postcss-value-parser "^4.2.0"

postcss-import@^16.1.0:
  version "16.1.0"
  resolved "https://registry.yarnpkg.com/postcss-import/-/postcss-import-16.1.0.tgz#258732175518129667fe1e2e2a05b19b5654b96a"
  integrity sha512-7hsAZ4xGXl4MW+OKEWCnF6T5jqBw80/EE9aXg1r2yyn1RsVEU8EtKXbijEODa+rg7iih4bKf7vlvTGYR4CnPNg==
  dependencies:
    postcss-value-parser "^4.0.0"
    read-cache "^1.0.0"
    resolve "^1.1.7"

postcss-load-config@^5.0.0:
  version "5.1.0"
  resolved "https://registry.npmjs.org/postcss-load-config/-/postcss-load-config-5.1.0.tgz"
  integrity sha512-G5AJ+IX0aD0dygOE0yFZQ/huFFMSNneyfp0e3/bT05a8OfPC5FUoZRPfGijUdGOJNMewJiwzcHJXFafFzeKFVA==
  dependencies:
    lilconfig "^3.1.1"
    yaml "^2.4.2"

postcss-reporter@^7.0.0:
  version "7.1.0"
  resolved "https://registry.npmjs.org/postcss-reporter/-/postcss-reporter-7.1.0.tgz"
  integrity sha512-/eoEylGWyy6/DOiMP5lmFRdmDKThqgn7D6hP2dXKJI/0rJSO1ADFNngZfDzxL0YAxFvws+Rtpuji1YIHj4mySA==
  dependencies:
    picocolors "^1.0.0"
    thenby "^1.3.4"

postcss-simple-vars@^7.0.1:
  version "7.0.1"
  resolved "https://registry.yarnpkg.com/postcss-simple-vars/-/postcss-simple-vars-7.0.1.tgz#836b3097a54dcd13dbd3c36a5dbdd512fad2954c"
  integrity sha512-5GLLXaS8qmzHMOjVxqkk1TZPf1jMqesiI7qLhnlyERalG0sMbHIbJqrcnrpmZdKCLglHnRHoEBB61RtGTsj++A==

postcss-url@^10.1.3:
  version "10.1.3"
  resolved "https://registry.yarnpkg.com/postcss-url/-/postcss-url-10.1.3.tgz#54120cc910309e2475ec05c2cfa8f8a2deafdf1e"
  integrity sha512-FUzyxfI5l2tKmXdYc6VTu3TWZsInayEKPbiyW+P6vmmIrrb4I6CGX0BFoewgYHLK+oIL5FECEK02REYRpBvUCw==
  dependencies:
    make-dir "~3.1.0"
    mime "~2.5.2"
    minimatch "~3.0.4"
    xxhashjs "~0.2.2"

postcss-value-parser@^4.0.0, postcss-value-parser@^4.2.0:
  version "4.2.0"
  resolved "https://registry.npmjs.org/postcss-value-parser/-/postcss-value-parser-4.2.0.tgz"
  integrity sha512-1NNCs6uurfkVbeXG4S8JFT9t19m45ICnif8zWLd5oPSZ50QnwMfK+H3jv408d4jw/7Bttv5axS5IiHoLaVNHeQ==

postcss@^8.4.49:
  version "8.4.49"
  resolved "https://registry.yarnpkg.com/postcss/-/postcss-8.4.49.tgz#4ea479048ab059ab3ae61d082190fabfd994fe19"
  integrity sha512-OCVPnIObs4N29kxTjzLfUryOkvZEq+pf8jTF0lg8E7uETuWHA+v7j3c/xJmiqpX450191LlmZfUKkXxkTry7nA==
  dependencies:
    nanoid "^3.3.7"
    picocolors "^1.1.1"
    source-map-js "^1.2.1"

pretty-hrtime@^1.0.3:
  version "1.0.3"
  resolved "https://registry.npmjs.org/pretty-hrtime/-/pretty-hrtime-1.0.3.tgz"
  integrity sha512-66hKPCr+72mlfiSjlEB1+45IjXSqvVAIy6mocupoww4tBFE9R9IhwwUGoI4G++Tc9Aq+2rxOt0RFU6gPcrte0A==

pstree.remy@^1.1.8:
  version "1.1.8"
  resolved "https://registry.npmjs.org/pstree.remy/-/pstree.remy-1.1.8.tgz"
  integrity sha512-77DZwxQmxKnu3aR542U+X8FypNzbfJ+C5XQDk3uWjWxn6151aIMGthWYRXTqT1E5oJvg+ljaa2OJi+VfvCOQ8w==

queue-microtask@^1.2.2:
  version "1.2.3"
  resolved "https://registry.npmjs.org/queue-microtask/-/queue-microtask-1.2.3.tgz"
  integrity sha512-NuaNSa6flKT5JaSYQzJok04JzTL1CA6aGhv5rfLW3PgqA+M2ChpZQnAC8h8i4ZFkBS8X5RqkDBHA7r4hej3K9A==

read-cache@^1.0.0:
  version "1.0.0"
  resolved "https://registry.npmjs.org/read-cache/-/read-cache-1.0.0.tgz"
  integrity sha512-Owdv/Ft7IjOgm/i0xvNDZ1LrRANRfew4b2prF3OWMQLxLfu3bS8FVhCsrSCMK4lR56Y9ya+AThoTpDCTxCmpRA==
  dependencies:
    pify "^2.3.0"

readdirp@^4.0.1:
  version "4.0.2"
  resolved "https://registry.npmjs.org/readdirp/-/readdirp-4.0.2.tgz"
  integrity sha512-yDMz9g+VaZkqBYS/ozoBJwaBhTbZo3UNYQHNRw1D3UFQB8oHB4uS/tAODO+ZLjGWmUbKnIlOWO+aaIiAxrUWHA==

readdirp@~3.6.0:
  version "3.6.0"
  resolved "https://registry.npmjs.org/readdirp/-/readdirp-3.6.0.tgz"
  integrity sha512-hOS089on8RduqdbhvQ5Z37A0ESjsqz6qnRcffsMU3495FuTdqSm+7bhJ29JvIOsBDEEnan5DPu9t3To9VRlMzA==
  dependencies:
    picomatch "^2.2.1"

require-directory@^2.1.1:
  version "2.1.1"
  resolved "https://registry.npmjs.org/require-directory/-/require-directory-2.1.1.tgz"
  integrity sha512-fGxEI7+wsG9xrvdjsrlmL22OMTTiHRwAMroiEeMgq8gzoLC/PQr7RsRDSTLUg/bZAZtF+TVIkHc6/4RIKrui+Q==

resolve@^1.1.7:
  version "1.22.9"
  resolved "https://registry.yarnpkg.com/resolve/-/resolve-1.22.9.tgz#6da76e4cdc57181fa4471231400e8851d0a924f3"
  integrity sha512-QxrmX1DzraFIi9PxdG5VkRfRwIgjwyud+z/iBwfRRrVmHc+P9Q7u2lSSpQ6bjr2gy5lrqIiU9vb6iAeGf2400A==
  dependencies:
    is-core-module "^2.16.0"
    path-parse "^1.0.7"
    supports-preserve-symlinks-flag "^1.0.0"

reusify@^1.0.4:
  version "1.0.4"
  resolved "https://registry.npmjs.org/reusify/-/reusify-1.0.4.tgz"
  integrity sha512-U9nH88a3fc/ekCF1l0/UP1IosiuIjyTh7hBvXVMHYgVcfGvt897Xguj2UOLDeI5BG2m7/uwyaLVT6fbtCwTyzw==

run-parallel@^1.1.9:
  version "1.2.0"
  resolved "https://registry.npmjs.org/run-parallel/-/run-parallel-1.2.0.tgz"
  integrity sha512-5l4VyZR86LZ/lDxZTR6jqL8AFE2S0IFLMP26AbjsLVADxHdhB/c0GUsH+y39UfCi3dzz8OlQuPmnaJOMoDHQBA==
  dependencies:
    queue-microtask "^1.2.2"

sass@^1.83.0:
  version "1.83.0"
  resolved "https://registry.npmjs.org/sass/-/sass-1.83.0.tgz"
  integrity sha512-qsSxlayzoOjdvXMVLkzF84DJFc2HZEL/rFyGIKbbilYtAvlCxyuzUeff9LawTn4btVnLKg75Z8MMr1lxU1lfGw==
  dependencies:
    chokidar "^4.0.0"
    immutable "^5.0.2"
    source-map-js ">=0.6.2 <2.0.0"
  optionalDependencies:
    "@parcel/watcher" "^2.4.1"

select@^1.1.2:
  version "1.1.2"
  resolved "https://registry.npmjs.org/select/-/select-1.1.2.tgz"
  integrity sha512-OwpTSOfy6xSs1+pwcNrv0RBMOzI39Lp3qQKUTPVVPRjCdNa5JH/oPRiqsesIskK8TVgmRiHwO4KXlV2Li9dANA==

semver@^6.0.0:
  version "6.3.1"
  resolved "https://registry.yarnpkg.com/semver/-/semver-6.3.1.tgz#556d2ef8689146e46dcea4bfdd095f3434dffcb4"
  integrity sha512-BR7VvDCVHO+q2xBEWskxS6DJE1qRnb7DxzUrogb71CWoSficBxYsiAGd+Kl0mmq/MprG9yArRkyrQxTO6XjMzA==

semver@^7.5.3:
  version "7.6.3"
  resolved "https://registry.npmjs.org/semver/-/semver-7.6.3.tgz"
  integrity sha512-oVekP1cKtI+CTDvHWYFUcMtsK/00wmAEfyqKfNdARm8u1wNVhSgaX7A8d4UuIlUI5e84iEwOhs7ZPYRmzU9U6A==

simple-update-notifier@^2.0.0:
  version "2.0.0"
  resolved "https://registry.npmjs.org/simple-update-notifier/-/simple-update-notifier-2.0.0.tgz"
  integrity sha512-a2B9Y0KlNXl9u/vsW6sTIu9vGEpfKu2wRV6l1H3XEas/0gUIzGzBoP/IouTcUQbm9JWZLH3COxyn03TYlFax6w==
  dependencies:
    semver "^7.5.3"

slash@^5.0.0, slash@^5.1.0:
  version "5.1.0"
  resolved "https://registry.npmjs.org/slash/-/slash-5.1.0.tgz"
  integrity sha512-ZA6oR3T/pEyuqwMgAKT0/hAv8oAXckzbkmR0UkUosQ+Mc4RxGoJkRmwHgHufaenlyAgE1Mxgpdcrf75y6XcnDg==

"source-map-js@>=0.6.2 <2.0.0", source-map-js@^1.2.1:
  version "1.2.1"
  resolved "https://registry.npmjs.org/source-map-js/-/source-map-js-1.2.1.tgz"
  integrity sha512-UXWMKhLOwVKb728IUtQPXxfYU+usdybtUrK/8uGE8CQMvrhOpwvzDBwj0QhSL7MQc7vIsISBG8VQ8+IDQxpfQA==

spark-md5@^3.0.1:
  version "3.0.2"
  resolved "https://registry.npmjs.org/spark-md5/-/spark-md5-3.0.2.tgz"
  integrity sha512-wcFzz9cDfbuqe0FZzfi2or1sgyIrsDwmPwfZC4hiNidPdPINjeUwNfv5kldczoEAcjl9Y1L3SM7Uz2PUEQzxQw==

spoiler-alert@^0.1.0:
  version "0.1.0"
  resolved "https://registry.npmjs.org/spoiler-alert/-/spoiler-alert-0.1.0.tgz"
  integrity sha512-6O8BeGMgDmJnEn7prua9tx3kslsokzNZGCAKWxdx7vPVfLSUZFiFKLTfgYUWmJhovNXvqF2rpz+cqTgmKOYAMA==

string-width@^4.1.0, string-width@^4.2.0, string-width@^4.2.3:
  version "4.2.3"
  resolved "https://registry.npmjs.org/string-width/-/string-width-4.2.3.tgz"
  integrity sha512-wKyQRQpjJ0sIp62ErSZdGsjMJWsap5oRNihHhu6G7JVO/9jIB6UyevL+tXuOqrng8j/cxKTWyWUwvSTriiZz/g==
  dependencies:
    emoji-regex "^8.0.0"
    is-fullwidth-code-point "^3.0.0"
    strip-ansi "^6.0.1"

strip-ansi@^6.0.0, strip-ansi@^6.0.1:
  version "6.0.1"
  resolved "https://registry.npmjs.org/strip-ansi/-/strip-ansi-6.0.1.tgz"
  integrity sha512-Y38VPSHcqkFrCpFnQ9vuSXmquuv5oXOKpGeT6aGrr3o3Gc9AlVa6JBfUSOCnbxGGZF+/0ooI7KrPuUSztUdU5A==
  dependencies:
    ansi-regex "^5.0.1"

supports-color@^5.5.0:
  version "5.5.0"
  resolved "https://registry.npmjs.org/supports-color/-/supports-color-5.5.0.tgz"
  integrity sha512-QjVjwdXIt408MIiAqCX4oUKsgU2EqAGzs2Ppkm4aQYbjm+ZEWEcW4SfFNTr4uMNZma0ey4f5lgLrkB0aX0QMow==
  dependencies:
    has-flag "^3.0.0"

supports-preserve-symlinks-flag@^1.0.0:
  version "1.0.0"
  resolved "https://registry.yarnpkg.com/supports-preserve-symlinks-flag/-/supports-preserve-symlinks-flag-1.0.0.tgz#6eda4bd344a3c94aea376d4cc31bc77311039e09"
  integrity sha512-ot0WnXS9fgdkgIcePe6RHNk1WA8+muPa6cSjeR3V8K27q9BB1rTE3R1p7Hv0z1ZyAc8s6Vvv8DIyWf681MAt0w==

thenby@^1.3.4:
  version "1.3.4"
  resolved "https://registry.npmjs.org/thenby/-/thenby-1.3.4.tgz"
  integrity sha512-89Gi5raiWA3QZ4b2ePcEwswC3me9JIg+ToSgtE0JWeCynLnLxNr/f9G+xfo9K+Oj4AFdom8YNJjibIARTJmapQ==

tiny-emitter@^2.0.0:
  version "2.1.0"
  resolved "https://registry.npmjs.org/tiny-emitter/-/tiny-emitter-2.1.0.tgz"
  integrity sha512-NB6Dk1A9xgQPMoGqC5CVXn123gWyte215ONT5Pp5a0yt4nlEoO1ZWeCwpncaekPHXO60i47ihFnZPiRPjRMq4Q==

to-regex-range@^5.0.1:
  version "5.0.1"
  resolved "https://registry.npmjs.org/to-regex-range/-/to-regex-range-5.0.1.tgz"
  integrity sha512-65P7iz6X5yEr1cwcgvQxbbIw7Uk3gOy5dIdtZ4rDveLqhrdJP+Li/Hx6tyK0NEb+2GCyneCMJiGqrADCSNk8sQ==
  dependencies:
    is-number "^7.0.0"

touch@^3.1.0:
  version "3.1.1"
  resolved "https://registry.npmjs.org/touch/-/touch-3.1.1.tgz"
  integrity sha512-r0eojU4bI8MnHr8c5bNo7lJDdI2qXlWWJk6a9EAFG7vbhTjElYhBVS3/miuE0uOuoLdb8Mc/rVfsmm6eo5o9GA==

undefsafe@^2.0.5:
  version "2.0.5"
  resolved "https://registry.npmjs.org/undefsafe/-/undefsafe-2.0.5.tgz"
  integrity sha512-WxONCrssBM8TSPRqN5EmsjVrsv4A8X12J4ArBiiayv3DyyG3ZlIg6yysuuSYdZsVz3TKcTg2fd//Ujd4CHV1iA==

unicorn-magic@^0.1.0:
  version "0.1.0"
  resolved "https://registry.npmjs.org/unicorn-magic/-/unicorn-magic-0.1.0.tgz"
  integrity sha512-lRfVq8fE8gz6QMBuDM6a+LO3IAzTi05H6gCVaUpir2E1Rwpo4ZUog45KpNXKC/Mn3Yb9UDuHumeFTo9iV/D9FQ==

universalify@^2.0.0:
  version "2.0.1"
  resolved "https://registry.npmjs.org/universalify/-/universalify-2.0.1.tgz"
  integrity sha512-gptHNQghINnc/vTGIk0SOFGFNXw7JVrlRUtConJRlvaw6DuX0wO5Jeko9sWrMBhh+PsYAZ7oXAiOnf/UKogyiw==

update-browserslist-db@^1.1.1:
  version "1.1.1"
  resolved "https://registry.npmjs.org/update-browserslist-db/-/update-browserslist-db-1.1.1.tgz"
  integrity sha512-R8UzCaa9Az+38REPiJ1tXlImTJXlVfgHZsglwBD/k6nj76ctsH1E3q4doGrukiLQd3sGQYu56r5+lo5r94l29A==
  dependencies:
    escalade "^3.2.0"
    picocolors "^1.1.0"

wrap-ansi@^7.0.0:
  version "7.0.0"
  resolved "https://registry.npmjs.org/wrap-ansi/-/wrap-ansi-7.0.0.tgz"
  integrity sha512-YVGIj2kamLSTxw6NsZjoBxfSwsn0ycdesmc4p+Q21c5zPuZ1pl+NfxVdxPtdHvmNVOQ6XSYG4AUtyt/Fi7D16Q==
  dependencies:
    ansi-styles "^4.0.0"
    string-width "^4.1.0"
    strip-ansi "^6.0.0"

xxhashjs@~0.2.2:
  version "0.2.2"
  resolved "https://registry.yarnpkg.com/xxhashjs/-/xxhashjs-0.2.2.tgz#8a6251567621a1c46a5ae204da0249c7f8caa9d8"
  integrity sha512-AkTuIuVTET12tpsVIQo+ZU6f/qDmKuRUcjaqR+OIvm+aCBsZ95i7UVY5WJ9TMsSaZ0DA2WxoZ4acu0sPH+OKAw==
  dependencies:
    cuint "^0.2.2"

y18n@^5.0.5:
  version "5.0.8"
  resolved "https://registry.npmjs.org/y18n/-/y18n-5.0.8.tgz"
  integrity sha512-0pfFzegeDWJHJIAmTLRP2DwHjdF5s7jo9tuztdQxAhINCdvS+3nGINqPd00AphqJR/0LhANUS6/+7SCb98YOfA==

yaml@^2.4.2:
  version "2.6.1"
  resolved "https://registry.npmjs.org/yaml/-/yaml-2.6.1.tgz"
  integrity sha512-7r0XPzioN/Q9kXBro/XPnA6kznR73DHq+GXh5ON7ZozRO6aMjbmiBuKste2wslTFkC5d1dw0GooOCepZXJ2SAg==

yargs-parser@^21.1.1:
  version "21.1.1"
  resolved "https://registry.npmjs.org/yargs-parser/-/yargs-parser-21.1.1.tgz"
  integrity sha512-tVpsJW7DdjecAiFpbIB1e3qxIQsE6NoPc5/eTdrbbIC4h0LVsWhnoa3g+m2HclBIujHzsxZ4VJVA+GUuc2/LBw==

yargs@^17.0.0:
  version "17.7.2"
  resolved "https://registry.npmjs.org/yargs/-/yargs-17.7.2.tgz"
  integrity sha512-7dSzzRQ++CKnNI/krKnYRV7JKKPUXMEh61soaHKg9mrWEhzFWhFnxPxGl+69cD1Ou63C13NUPCnmIcrvqCuM6w==
  dependencies:
    cliui "^8.0.1"
    escalade "^3.1.1"
    get-caller-file "^2.0.5"
    require-directory "^2.1.1"
    string-width "^4.2.3"
    y18n "^5.0.5"
    yargs-parser "^21.1.1"
